// !$*UTF8*$!
{
	archiveVersion = 1;
	classes = {
	};
	objectVersion = 77;
	objects = {

/* Begin PBXBuildFile section */
		0741EFB01E9FF851E93194C5 /* AddSupplementView.swift in Sources */ = {isa = PBXBuildFile; fileRef = F3D9ED2824E142CEDBE6A620 /* AddSupplementView.swift */; };
		0C9A357A647802C3EF4C4A0C /* FoodTabView.swift in Sources */ = {isa = PBXBuildFile; fileRef = D51D2AFB6419BAE2D80C3BC1 /* FoodTabView.swift */; };
		0EC6E922168209A1BA924A04 /* DashboardViewModel.swift in Sources */ = {isa = PBXBuildFile; fileRef = 69955E55E6FAA541AE3FF444 /* DashboardViewModel.swift */; };
		1440BC9C8270BC461C291718 /* FoodSearchView.swift in Sources */ = {isa = PBXBuildFile; fileRef = 08A8480162530BD88314B685 /* FoodSearchView.swift */; };
		16DB38714AD805DDAD31AB8F /* DEXAOverviewView.swift in Sources */ = {isa = PBXBuildFile; fileRef = 0623C2AC720299549462AFEE /* DEXAOverviewView.swift */; };
		1A8EE0351A285EF89143463B /* AppDatabase.swift in Sources */ = {isa = PBXBuildFile; fileRef = 9630B74BA6550831BCE0C8FD /* AppDatabase.swift */; };
		1AF473E9FD24F82B554DA4E8 /* HealthKitService.swift in Sources */ = {isa = PBXBuildFile; fileRef = FA11C3C401A74D88971EAB27 /* HealthKitService.swift */; };
		204D1FE0E0C8BA05613422D7 /* DateFormatters.swift in Sources */ = {isa = PBXBuildFile; fileRef = 6AD6CE795CE574C899472ECD /* DateFormatters.swift */; };
		218F240650B4A1C2157F97C0 /* Assets.xcassets in Resources */ = {isa = PBXBuildFile; fileRef = D17D4B6874D210B20E5A2C64 /* Assets.xcassets */; };
		222CF6FFA6483606519467D4 /* default_supplements.json in Resources */ = {isa = PBXBuildFile; fileRef = D0BFB3E2FA78E44FFCE92BB6 /* default_supplements.json */; };
		317AB25F66899461B5A1D719 /* FoodLogViewModel.swift in Sources */ = {isa = PBXBuildFile; fileRef = F53F6E47691EE35697AC8180 /* FoodLogViewModel.swift */; };
		42947FEB84301F26DA85E6F2 /* DailyNutrition.swift in Sources */ = {isa = PBXBuildFile; fileRef = EC933BFF1C061629652D46D9 /* DailyNutrition.swift */; };
		43628306031B602826D4DD3C /* ContentView.swift in Sources */ = {isa = PBXBuildFile; fileRef = BB77FCB2F58D531E9F0A7065 /* ContentView.swift */; };
		486BCC773CD89F852CFC70C7 /* WeightTrendCalculatorTests.swift in Sources */ = {isa = PBXBuildFile; fileRef = 5057D21F75CD6750C313FE2B /* WeightTrendCalculatorTests.swift */; };
		59C68A3EA0202ED060258FA2 /* SupplementLog.swift in Sources */ = {isa = PBXBuildFile; fileRef = 32B2457F44B0A06D14D52E23 /* SupplementLog.swift */; };
		59DE2D330C3D423023F5E0CA /* WeightTrendCalculator.swift in Sources */ = {isa = PBXBuildFile; fileRef = 5A787B7BA3A899220248AA37 /* WeightTrendCalculator.swift */; };
		5A499C232ED9F7B22FB048EA /* Food.swift in Sources */ = {isa = PBXBuildFile; fileRef = AE1DE2A3B5BF4FC647C3E521 /* Food.swift */; };
		5C19116B9D313EF06176739B /* WeightInsightsView.swift in Sources */ = {isa = PBXBuildFile; fileRef = 01E543D2EF8D93A4794165BB /* WeightInsightsView.swift */; };
		62E78F485D34159F9B468BF8 /* Theme.swift in Sources */ = {isa = PBXBuildFile; fileRef = ADB8A7918C19EF9936B36528 /* Theme.swift */; };
		6524F0200F21D85BDAFFCE7C /* Units.swift in Sources */ = {isa = PBXBuildFile; fileRef = CFD7DA5D4729C92EAF2ABC7C /* Units.swift */; };
		697D238D9EB39A9F8D6E7916 /* CalibrateTests.swift in Sources */ = {isa = PBXBuildFile; fileRef = 55465C0BD3BE1BACA0573551 /* CalibrateTests.swift */; };
		76C08C513EC7E180867E0CED /* CSVParser.swift in Sources */ = {isa = PBXBuildFile; fileRef = AE4D585421FA33E5527760D2 /* CSVParser.swift */; };
		78938F29218C99CB23DAC3ED /* MealLog.swift in Sources */ = {isa = PBXBuildFile; fileRef = 50F7D503D5389EC66AE13E7B /* MealLog.swift */; };
		79344C393A9E4C2440C98EBD /* CalibrateApp.swift in Sources */ = {isa = PBXBuildFile; fileRef = A56E8E6E5732031FD1F3F346 /* CalibrateApp.swift */; };
		8C58D1F1D1C50D89F76E44F6 /* WeightEntryView.swift in Sources */ = {isa = PBXBuildFile; fileRef = E2ECF3543890A75804E4D6B9 /* WeightEntryView.swift */; };
		8C7E742FBC46E62425AD08A9 /* MoreTabView.swift in Sources */ = {isa = PBXBuildFile; fileRef = C112B2BEFF8157B70D008046 /* MoreTabView.swift */; };
		95549B4A9F8F1E05B9155E65 /* CGMImportService.swift in Sources */ = {isa = PBXBuildFile; fileRef = 5F970464F3A45C0705359428 /* CGMImportService.swift */; };
		9CE104C1FD01BC2A41FD6584 /* GlucoseReading.swift in Sources */ = {isa = PBXBuildFile; fileRef = B5D92BAD2A14EDC4C6CB41CB /* GlucoseReading.swift */; };
		9FDCB5D4BE57DA537749C0A8 /* GRDB in Frameworks */ = {isa = PBXBuildFile; productRef = E7CF32A54A78076B2B75635C /* GRDB */; };
		A56DCE76FEBA63F6F79C8310 /* UIFlowTests.swift in Sources */ = {isa = PBXBuildFile; fileRef = 9E4FCE6EE420ACB6A182A7D8 /* UIFlowTests.swift */; };
		B3C3019B771F656D0010DD23 /* WeightEntry.swift in Sources */ = {isa = PBXBuildFile; fileRef = 533328ABF67CADB2FE94E215 /* WeightEntry.swift */; };
		B8CA9DA1D84469F280AC9D3E /* SupplementViewModel.swift in Sources */ = {isa = PBXBuildFile; fileRef = AD96DB56F1936E6A3F6B4245 /* SupplementViewModel.swift */; };
		C515F7F9FC7250075358C17B /* SupplementsTabView.swift in Sources */ = {isa = PBXBuildFile; fileRef = 94AEDEB81D9DBEDDCF763A3A /* SupplementsTabView.swift */; };
		C83FEF73D15E29281D1763C9 /* QuickAddView.swift in Sources */ = {isa = PBXBuildFile; fileRef = EABB354E43305CF4F8BD998F /* QuickAddView.swift */; };
		C9A5F33CBF9FD4D2A4BD6848 /* WeightViewModel.swift in Sources */ = {isa = PBXBuildFile; fileRef = 53269C531753D9FFCD0AFCD6 /* WeightViewModel.swift */; };
		C9E0D35C643538C239E400DD /* Migrations.swift in Sources */ = {isa = PBXBuildFile; fileRef = BEBEACACEF31031857348C8A /* Migrations.swift */; };
		CD2FB0AE5D198002C8A37879 /* foods.json in Resources */ = {isa = PBXBuildFile; fileRef = 18377F6497065BC5B664AD1C /* foods.json */; };
		CF2939A80D9E7456FA63B121 /* sample_lingo_export.csv in Resources */ = {isa = PBXBuildFile; fileRef = E19F4E6237479C530D0D3B7C /* sample_lingo_export.csv */; };
		D86D43E57AAE1262A0E74825 /* Persistence.swift in Sources */ = {isa = PBXBuildFile; fileRef = CD9C36C62A16894A8D87BBC5 /* Persistence.swift */; };
		DAC71639C53CE62EF689B954 /* WeightChartView.swift in Sources */ = {isa = PBXBuildFile; fileRef = 908B703F6DB10325B2AC15C8 /* WeightChartView.swift */; };
		DACF6FCE73EB0A9519519DC3 /* Supplement.swift in Sources */ = {isa = PBXBuildFile; fileRef = 57C6720DFBE23249EFDFF378 /* Supplement.swift */; };
		DDBE05771B8B1C9E835978C4 /* WeightTabView.swift in Sources */ = {isa = PBXBuildFile; fileRef = 0F8AE76153ADB65330830560 /* WeightTabView.swift */; };
		DF75D4E84192E419423DF4CF /* FoodEntry.swift in Sources */ = {isa = PBXBuildFile; fileRef = A5E3C71A37CCE6FF27D6D4E7 /* FoodEntry.swift */; };
		E07F6B7E6B5CE18E8575E8C2 /* GlucoseTabView.swift in Sources */ = {isa = PBXBuildFile; fileRef = 871588F8C3699A8B6BA7545A /* GlucoseTabView.swift */; };
		E720CCE7D7CD2F05B96CCF2D /* DEXAScan.swift in Sources */ = {isa = PBXBuildFile; fileRef = DD6FAF03FDB3EFE3A6C1D66B /* DEXAScan.swift */; };
		EF8FD8E24B05B5F9B1AC9A32 /* DashboardView.swift in Sources */ = {isa = PBXBuildFile; fileRef = 5E4D8D62BC62D1C86194D074 /* DashboardView.swift */; };
		F1B2A9159C0C0798A3087F9A /* WeightLogListView.swift in Sources */ = {isa = PBXBuildFile; fileRef = 867D9EAC35524ED9C973703C /* WeightLogListView.swift */; };
		F3623B19102360F63B06AF41 /* CSVParserTests.swift in Sources */ = {isa = PBXBuildFile; fileRef = F111BF5572832CB0B7758EDF /* CSVParserTests.swift */; };
/* End PBXBuildFile section */

/* Begin PBXContainerItemProxy section */
		4B0F90B60FC868CCAA385624 /* PBXContainerItemProxy */ = {
			isa = PBXContainerItemProxy;
			containerPortal = 2FE0CCA856E2E8658B28B811 /* Project object */;
			proxyType = 1;
			remoteGlobalIDString = 3A4C37BF561AB6506C5B9245;
			remoteInfo = Calibrate;
		};
/* End PBXContainerItemProxy section */

/* Begin PBXFileReference section */
		01E543D2EF8D93A4794165BB /* WeightInsightsView.swift */ = {isa = PBXFileReference; lastKnownFileType = sourcecode.swift; path = WeightInsightsView.swift; sourceTree = "<group>"; };
		0623C2AC720299549462AFEE /* DEXAOverviewView.swift */ = {isa = PBXFileReference; lastKnownFileType = sourcecode.swift; path = DEXAOverviewView.swift; sourceTree = "<group>"; };
		08A8480162530BD88314B685 /* FoodSearchView.swift */ = {isa = PBXFileReference; lastKnownFileType = sourcecode.swift; path = FoodSearchView.swift; sourceTree = "<group>"; };
		0F8AE76153ADB65330830560 /* WeightTabView.swift */ = {isa = PBXFileReference; lastKnownFileType = sourcecode.swift; path = WeightTabView.swift; sourceTree = "<group>"; };
		18377F6497065BC5B664AD1C /* foods.json */ = {isa = PBXFileReference; lastKnownFileType = text.json; path = foods.json; sourceTree = "<group>"; };
		32B2457F44B0A06D14D52E23 /* SupplementLog.swift */ = {isa = PBXFileReference; lastKnownFileType = sourcecode.swift; path = SupplementLog.swift; sourceTree = "<group>"; };
		5057D21F75CD6750C313FE2B /* WeightTrendCalculatorTests.swift */ = {isa = PBXFileReference; lastKnownFileType = sourcecode.swift; path = WeightTrendCalculatorTests.swift; sourceTree = "<group>"; };
		50F7D503D5389EC66AE13E7B /* MealLog.swift */ = {isa = PBXFileReference; lastKnownFileType = sourcecode.swift; path = MealLog.swift; sourceTree = "<group>"; };
		53269C531753D9FFCD0AFCD6 /* WeightViewModel.swift */ = {isa = PBXFileReference; lastKnownFileType = sourcecode.swift; path = WeightViewModel.swift; sourceTree = "<group>"; };
		533328ABF67CADB2FE94E215 /* WeightEntry.swift */ = {isa = PBXFileReference; lastKnownFileType = sourcecode.swift; path = WeightEntry.swift; sourceTree = "<group>"; };
		55465C0BD3BE1BACA0573551 /* CalibrateTests.swift */ = {isa = PBXFileReference; lastKnownFileType = sourcecode.swift; path = CalibrateTests.swift; sourceTree = "<group>"; };
		57C6720DFBE23249EFDFF378 /* Supplement.swift */ = {isa = PBXFileReference; lastKnownFileType = sourcecode.swift; path = Supplement.swift; sourceTree = "<group>"; };
		5A787B7BA3A899220248AA37 /* WeightTrendCalculator.swift */ = {isa = PBXFileReference; lastKnownFileType = sourcecode.swift; path = WeightTrendCalculator.swift; sourceTree = "<group>"; };
		5E4D8D62BC62D1C86194D074 /* DashboardView.swift */ = {isa = PBXFileReference; lastKnownFileType = sourcecode.swift; path = DashboardView.swift; sourceTree = "<group>"; };
		5F970464F3A45C0705359428 /* CGMImportService.swift */ = {isa = PBXFileReference; lastKnownFileType = sourcecode.swift; path = CGMImportService.swift; sourceTree = "<group>"; };
		69955E55E6FAA541AE3FF444 /* DashboardViewModel.swift */ = {isa = PBXFileReference; lastKnownFileType = sourcecode.swift; path = DashboardViewModel.swift; sourceTree = "<group>"; };
		6AD6CE795CE574C899472ECD /* DateFormatters.swift */ = {isa = PBXFileReference; lastKnownFileType = sourcecode.swift; path = DateFormatters.swift; sourceTree = "<group>"; };
		867D9EAC35524ED9C973703C /* WeightLogListView.swift */ = {isa = PBXFileReference; lastKnownFileType = sourcecode.swift; path = WeightLogListView.swift; sourceTree = "<group>"; };
		871588F8C3699A8B6BA7545A /* GlucoseTabView.swift */ = {isa = PBXFileReference; lastKnownFileType = sourcecode.swift; path = GlucoseTabView.swift; sourceTree = "<group>"; };
		908B703F6DB10325B2AC15C8 /* WeightChartView.swift */ = {isa = PBXFileReference; lastKnownFileType = sourcecode.swift; path = WeightChartView.swift; sourceTree = "<group>"; };
		94AEDEB81D9DBEDDCF763A3A /* SupplementsTabView.swift */ = {isa = PBXFileReference; lastKnownFileType = sourcecode.swift; path = SupplementsTabView.swift; sourceTree = "<group>"; };
		9630B74BA6550831BCE0C8FD /* AppDatabase.swift */ = {isa = PBXFileReference; lastKnownFileType = sourcecode.swift; path = AppDatabase.swift; sourceTree = "<group>"; };
		9BD6AFEC96CDEEBB736CF831 /* Info.plist */ = {isa = PBXFileReference; lastKnownFileType = text.plist; path = Info.plist; sourceTree = "<group>"; };
		9E4FCE6EE420ACB6A182A7D8 /* UIFlowTests.swift */ = {isa = PBXFileReference; lastKnownFileType = sourcecode.swift; path = UIFlowTests.swift; sourceTree = "<group>"; };
		A346A9B2C4EBEC63D0B4E69E /* Calibrate.entitlements */ = {isa = PBXFileReference; lastKnownFileType = text.plist.entitlements; path = Calibrate.entitlements; sourceTree = "<group>"; };
		A56E8E6E5732031FD1F3F346 /* CalibrateApp.swift */ = {isa = PBXFileReference; lastKnownFileType = sourcecode.swift; path = CalibrateApp.swift; sourceTree = "<group>"; };
		A5E3C71A37CCE6FF27D6D4E7 /* FoodEntry.swift */ = {isa = PBXFileReference; lastKnownFileType = sourcecode.swift; path = FoodEntry.swift; sourceTree = "<group>"; };
		A9F71A07D46F0DA0B26018D1 /* CalibrateTests.xctest */ = {isa = PBXFileReference; includeInIndex = 0; lastKnownFileType = wrapper.cfbundle; path = CalibrateTests.xctest; sourceTree = BUILT_PRODUCTS_DIR; };
		AD96DB56F1936E6A3F6B4245 /* SupplementViewModel.swift */ = {isa = PBXFileReference; lastKnownFileType = sourcecode.swift; path = SupplementViewModel.swift; sourceTree = "<group>"; };
		ADB8A7918C19EF9936B36528 /* Theme.swift */ = {isa = PBXFileReference; lastKnownFileType = sourcecode.swift; path = Theme.swift; sourceTree = "<group>"; };
		AE1DE2A3B5BF4FC647C3E521 /* Food.swift */ = {isa = PBXFileReference; lastKnownFileType = sourcecode.swift; path = Food.swift; sourceTree = "<group>"; };
		AE4D585421FA33E5527760D2 /* CSVParser.swift */ = {isa = PBXFileReference; lastKnownFileType = sourcecode.swift; path = CSVParser.swift; sourceTree = "<group>"; };
		B5D92BAD2A14EDC4C6CB41CB /* GlucoseReading.swift */ = {isa = PBXFileReference; lastKnownFileType = sourcecode.swift; path = GlucoseReading.swift; sourceTree = "<group>"; };
		BB77FCB2F58D531E9F0A7065 /* ContentView.swift */ = {isa = PBXFileReference; lastKnownFileType = sourcecode.swift; path = ContentView.swift; sourceTree = "<group>"; };
		BEBEACACEF31031857348C8A /* Migrations.swift */ = {isa = PBXFileReference; lastKnownFileType = sourcecode.swift; path = Migrations.swift; sourceTree = "<group>"; };
		C112B2BEFF8157B70D008046 /* MoreTabView.swift */ = {isa = PBXFileReference; lastKnownFileType = sourcecode.swift; path = MoreTabView.swift; sourceTree = "<group>"; };
		CD9C36C62A16894A8D87BBC5 /* Persistence.swift */ = {isa = PBXFileReference; lastKnownFileType = sourcecode.swift; path = Persistence.swift; sourceTree = "<group>"; };
		CFD7DA5D4729C92EAF2ABC7C /* Units.swift */ = {isa = PBXFileReference; lastKnownFileType = sourcecode.swift; path = Units.swift; sourceTree = "<group>"; };
		D0BFB3E2FA78E44FFCE92BB6 /* default_supplements.json */ = {isa = PBXFileReference; lastKnownFileType = text.json; path = default_supplements.json; sourceTree = "<group>"; };
		D17D4B6874D210B20E5A2C64 /* Assets.xcassets */ = {isa = PBXFileReference; lastKnownFileType = folder.assetcatalog; path = Assets.xcassets; sourceTree = "<group>"; };
		D426254C0E974A3D0E449F5E /* Calibrate.app */ = {isa = PBXFileReference; includeInIndex = 0; lastKnownFileType = wrapper.application; path = Calibrate.app; sourceTree = BUILT_PRODUCTS_DIR; };
		D51D2AFB6419BAE2D80C3BC1 /* FoodTabView.swift */ = {isa = PBXFileReference; lastKnownFileType = sourcecode.swift; path = FoodTabView.swift; sourceTree = "<group>"; };
		DD6FAF03FDB3EFE3A6C1D66B /* DEXAScan.swift */ = {isa = PBXFileReference; lastKnownFileType = sourcecode.swift; path = DEXAScan.swift; sourceTree = "<group>"; };
		E19F4E6237479C530D0D3B7C /* sample_lingo_export.csv */ = {isa = PBXFileReference; path = sample_lingo_export.csv; sourceTree = "<group>"; };
		E2ECF3543890A75804E4D6B9 /* WeightEntryView.swift */ = {isa = PBXFileReference; lastKnownFileType = sourcecode.swift; path = WeightEntryView.swift; sourceTree = "<group>"; };
		EABB354E43305CF4F8BD998F /* QuickAddView.swift */ = {isa = PBXFileReference; lastKnownFileType = sourcecode.swift; path = QuickAddView.swift; sourceTree = "<group>"; };
		EC933BFF1C061629652D46D9 /* DailyNutrition.swift */ = {isa = PBXFileReference; lastKnownFileType = sourcecode.swift; path = DailyNutrition.swift; sourceTree = "<group>"; };
		F111BF5572832CB0B7758EDF /* CSVParserTests.swift */ = {isa = PBXFileReference; lastKnownFileType = sourcecode.swift; path = CSVParserTests.swift; sourceTree = "<group>"; };
		F3D9ED2824E142CEDBE6A620 /* AddSupplementView.swift */ = {isa = PBXFileReference; lastKnownFileType = sourcecode.swift; path = AddSupplementView.swift; sourceTree = "<group>"; };
		F53F6E47691EE35697AC8180 /* FoodLogViewModel.swift */ = {isa = PBXFileReference; lastKnownFileType = sourcecode.swift; path = FoodLogViewModel.swift; sourceTree = "<group>"; };
		FA11C3C401A74D88971EAB27 /* HealthKitService.swift */ = {isa = PBXFileReference; lastKnownFileType = sourcecode.swift; path = HealthKitService.swift; sourceTree = "<group>"; };
/* End PBXFileReference section */

/* Begin PBXFrameworksBuildPhase section */
		0848B95A3F1C0C7E97929298 /* Frameworks */ = {
			isa = PBXFrameworksBuildPhase;
			buildActionMask = 2147483647;
			files = (
				9FDCB5D4BE57DA537749C0A8 /* GRDB in Frameworks */,
			);
			runOnlyForDeploymentPostprocessing = 0;
		};
/* End PBXFrameworksBuildPhase section */

/* Begin PBXGroup section */
		25635D9B39EF0E1EB3A97D48 /* Fixtures */ = {
			isa = PBXGroup;
			children = (
				E19F4E6237479C530D0D3B7C /* sample_lingo_export.csv */,
			);
			path = Fixtures;
			sourceTree = "<group>";
		};
		27A0715795E66E16F513B9DA /* Database */ = {
			isa = PBXGroup;
			children = (
				9630B74BA6550831BCE0C8FD /* AppDatabase.swift */,
				BEBEACACEF31031857348C8A /* Migrations.swift */,
				CD9C36C62A16894A8D87BBC5 /* Persistence.swift */,
			);
			path = Database;
			sourceTree = "<group>";
		};
		3CC25A760044EC7F7F231B7A /* Products */ = {
			isa = PBXGroup;
			children = (
				D426254C0E974A3D0E449F5E /* Calibrate.app */,
				A9F71A07D46F0DA0B26018D1 /* CalibrateTests.xctest */,
			);
			name = Products;
			sourceTree = "<group>";
		};
		49B5436E935F43AEC7AAE2DF /* Calibrate */ = {
			isa = PBXGroup;
			children = (
				A346A9B2C4EBEC63D0B4E69E /* Calibrate.entitlements */,
				A56E8E6E5732031FD1F3F346 /* CalibrateApp.swift */,
				BB77FCB2F58D531E9F0A7065 /* ContentView.swift */,
				9BD6AFEC96CDEEBB736CF831 /* Info.plist */,
				27A0715795E66E16F513B9DA /* Database */,
				DB911BF048CA95AF2C541F81 /* Models */,
				F689D66FC83F740D91FA2846 /* Resources */,
				E0DFFAFB89D0BAA779FDD1C6 /* Services */,
				D3EDF6A9AB09FDBB3536526B /* Utilities */,
				778B9E3989799E0426581143 /* ViewModels */,
				7640345C47B0FCB8B05E5463 /* Views */,
			);
			path = Calibrate;
			sourceTree = "<group>";
		};
		4B1058F35052B48B7F0C4B01 /* BodyComposition */ = {
			isa = PBXGroup;
			children = (
				0623C2AC720299549462AFEE /* DEXAOverviewView.swift */,
			);
			path = BodyComposition;
			sourceTree = "<group>";
		};
		6F2A2E5C9E3EC6FF9E6B42A9 = {
			isa = PBXGroup;
			children = (
				49B5436E935F43AEC7AAE2DF /* Calibrate */,
				8B61FE1C39174D66C6253298 /* CalibrateTests */,
				3CC25A760044EC7F7F231B7A /* Products */,
			);
			sourceTree = "<group>";
		};
		7640345C47B0FCB8B05E5463 /* Views */ = {
			isa = PBXGroup;
			children = (
				4B1058F35052B48B7F0C4B01 /* BodyComposition */,
				FFDC28F04C491A6B444E37C2 /* Dashboard */,
				7ECA488D55AB1E3BC64463BA /* Food */,
				FFA5207F2E555D2C055AD466 /* Glucose */,
				FE72D038B65AA04B1C2C5914 /* Settings */,
				BDF83BA35D097114454B8A9C /* Supplements */,
				E4837943AF9A4157E2543C9F /* Weight */,
			);
			path = Views;
			sourceTree = "<group>";
		};
		778B9E3989799E0426581143 /* ViewModels */ = {
			isa = PBXGroup;
			children = (
				69955E55E6FAA541AE3FF444 /* DashboardViewModel.swift */,
				F53F6E47691EE35697AC8180 /* FoodLogViewModel.swift */,
				AD96DB56F1936E6A3F6B4245 /* SupplementViewModel.swift */,
				53269C531753D9FFCD0AFCD6 /* WeightViewModel.swift */,
			);
			path = ViewModels;
			sourceTree = "<group>";
		};
		7ECA488D55AB1E3BC64463BA /* Food */ = {
			isa = PBXGroup;
			children = (
				08A8480162530BD88314B685 /* FoodSearchView.swift */,
				D51D2AFB6419BAE2D80C3BC1 /* FoodTabView.swift */,
				EABB354E43305CF4F8BD998F /* QuickAddView.swift */,
			);
			path = Food;
			sourceTree = "<group>";
		};
		8B61FE1C39174D66C6253298 /* CalibrateTests */ = {
			isa = PBXGroup;
			children = (
				55465C0BD3BE1BACA0573551 /* CalibrateTests.swift */,
				F111BF5572832CB0B7758EDF /* CSVParserTests.swift */,
				9E4FCE6EE420ACB6A182A7D8 /* UIFlowTests.swift */,
				5057D21F75CD6750C313FE2B /* WeightTrendCalculatorTests.swift */,
				25635D9B39EF0E1EB3A97D48 /* Fixtures */,
			);
			path = CalibrateTests;
			sourceTree = "<group>";
		};
		BDF83BA35D097114454B8A9C /* Supplements */ = {
			isa = PBXGroup;
			children = (
				F3D9ED2824E142CEDBE6A620 /* AddSupplementView.swift */,
				94AEDEB81D9DBEDDCF763A3A /* SupplementsTabView.swift */,
			);
			path = Supplements;
			sourceTree = "<group>";
		};
		D3EDF6A9AB09FDBB3536526B /* Utilities */ = {
			isa = PBXGroup;
			children = (
				AE4D585421FA33E5527760D2 /* CSVParser.swift */,
				6AD6CE795CE574C899472ECD /* DateFormatters.swift */,
				ADB8A7918C19EF9936B36528 /* Theme.swift */,
				CFD7DA5D4729C92EAF2ABC7C /* Units.swift */,
			);
			path = Utilities;
			sourceTree = "<group>";
		};
		DB911BF048CA95AF2C541F81 /* Models */ = {
			isa = PBXGroup;
			children = (
				EC933BFF1C061629652D46D9 /* DailyNutrition.swift */,
				DD6FAF03FDB3EFE3A6C1D66B /* DEXAScan.swift */,
				AE1DE2A3B5BF4FC647C3E521 /* Food.swift */,
				A5E3C71A37CCE6FF27D6D4E7 /* FoodEntry.swift */,
				B5D92BAD2A14EDC4C6CB41CB /* GlucoseReading.swift */,
				50F7D503D5389EC66AE13E7B /* MealLog.swift */,
				57C6720DFBE23249EFDFF378 /* Supplement.swift */,
				32B2457F44B0A06D14D52E23 /* SupplementLog.swift */,
				533328ABF67CADB2FE94E215 /* WeightEntry.swift */,
			);
			path = Models;
			sourceTree = "<group>";
		};
		E0DFFAFB89D0BAA779FDD1C6 /* Services */ = {
			isa = PBXGroup;
			children = (
				5F970464F3A45C0705359428 /* CGMImportService.swift */,
				FA11C3C401A74D88971EAB27 /* HealthKitService.swift */,
				5A787B7BA3A899220248AA37 /* WeightTrendCalculator.swift */,
			);
			path = Services;
			sourceTree = "<group>";
		};
		E4837943AF9A4157E2543C9F /* Weight */ = {
			isa = PBXGroup;
			children = (
				908B703F6DB10325B2AC15C8 /* WeightChartView.swift */,
				E2ECF3543890A75804E4D6B9 /* WeightEntryView.swift */,
				01E543D2EF8D93A4794165BB /* WeightInsightsView.swift */,
				867D9EAC35524ED9C973703C /* WeightLogListView.swift */,
				0F8AE76153ADB65330830560 /* WeightTabView.swift */,
			);
			path = Weight;
			sourceTree = "<group>";
		};
		F689D66FC83F740D91FA2846 /* Resources */ = {
			isa = PBXGroup;
			children = (
				D17D4B6874D210B20E5A2C64 /* Assets.xcassets */,
				D0BFB3E2FA78E44FFCE92BB6 /* default_supplements.json */,
				18377F6497065BC5B664AD1C /* foods.json */,
			);
			path = Resources;
			sourceTree = "<group>";
		};
		FE72D038B65AA04B1C2C5914 /* Settings */ = {
			isa = PBXGroup;
			children = (
				C112B2BEFF8157B70D008046 /* MoreTabView.swift */,
			);
			path = Settings;
			sourceTree = "<group>";
		};
		FFA5207F2E555D2C055AD466 /* Glucose */ = {
			isa = PBXGroup;
			children = (
				871588F8C3699A8B6BA7545A /* GlucoseTabView.swift */,
			);
			path = Glucose;
			sourceTree = "<group>";
		};
		FFDC28F04C491A6B444E37C2 /* Dashboard */ = {
			isa = PBXGroup;
			children = (
				5E4D8D62BC62D1C86194D074 /* DashboardView.swift */,
			);
			path = Dashboard;
			sourceTree = "<group>";
		};
/* End PBXGroup section */

/* Begin PBXNativeTarget section */
		3A4C37BF561AB6506C5B9245 /* Calibrate */ = {
			isa = PBXNativeTarget;
			buildConfigurationList = 943E1A51883E070FB5DAFBAD /* Build configuration list for PBXNativeTarget "Calibrate" */;
			buildPhases = (
				A72F6450A5D24DD409E51826 /* Sources */,
				D303E611B24A27FC00B5596E /* Resources */,
				0848B95A3F1C0C7E97929298 /* Frameworks */,
			);
			buildRules = (
			);
			dependencies = (
			);
			name = Calibrate;
			packageProductDependencies = (
				E7CF32A54A78076B2B75635C /* GRDB */,
			);
			productName = Calibrate;
			productReference = D426254C0E974A3D0E449F5E /* Calibrate.app */;
			productType = "com.apple.product-type.application";
		};
		C6E87074CC2C7010AAB7A18A /* CalibrateTests */ = {
			isa = PBXNativeTarget;
			buildConfigurationList = 35E37ABFE1E3904B24AEEB30 /* Build configuration list for PBXNativeTarget "CalibrateTests" */;
			buildPhases = (
				50046BE0C4842BFBBBB5D624 /* Sources */,
				4D24C4E85060FDE8E2906168 /* Resources */,
			);
			buildRules = (
			);
			dependencies = (
				1D7DB4C0563CEFFF0FE87703 /* PBXTargetDependency */,
			);
			name = CalibrateTests;
			packageProductDependencies = (
			);
			productName = CalibrateTests;
			productReference = A9F71A07D46F0DA0B26018D1 /* CalibrateTests.xctest */;
			productType = "com.apple.product-type.bundle.unit-test";
		};
/* End PBXNativeTarget section */

/* Begin PBXProject section */
		2FE0CCA856E2E8658B28B811 /* Project object */ = {
			isa = PBXProject;
			attributes = {
				BuildIndependentTargetsInParallel = YES;
				LastUpgradeCheck = 1600;
				TargetAttributes = {
					3A4C37BF561AB6506C5B9245 = {
						DevelopmentTeam = "";
					};
				};
			};
			buildConfigurationList = 3ED1D02A99520FB68E5BFEE2 /* Build configuration list for PBXProject "Calibrate" */;
			developmentRegion = en;
			hasScannedForEncodings = 0;
			knownRegions = (
				Base,
				en,
			);
			mainGroup = 6F2A2E5C9E3EC6FF9E6B42A9;
			minimizedProjectReferenceProxies = 1;
			packageReferences = (
				6D62A96CBA899209670AC208 /* XCRemoteSwiftPackageReference "GRDB.swift" */,
			);
			preferredProjectObjectVersion = 77;
			productRefGroup = 3CC25A760044EC7F7F231B7A /* Products */;
			projectDirPath = "";
			projectRoot = "";
			targets = (
				3A4C37BF561AB6506C5B9245 /* Calibrate */,
				C6E87074CC2C7010AAB7A18A /* CalibrateTests */,
			);
		};
/* End PBXProject section */

/* Begin PBXResourcesBuildPhase section */
		4D24C4E85060FDE8E2906168 /* Resources */ = {
			isa = PBXResourcesBuildPhase;
			buildActionMask = 2147483647;
			files = (
				CF2939A80D9E7456FA63B121 /* sample_lingo_export.csv in Resources */,
			);
			runOnlyForDeploymentPostprocessing = 0;
		};
		D303E611B24A27FC00B5596E /* Resources */ = {
			isa = PBXResourcesBuildPhase;
			buildActionMask = 2147483647;
			files = (
				218F240650B4A1C2157F97C0 /* Assets.xcassets in Resources */,
				222CF6FFA6483606519467D4 /* default_supplements.json in Resources */,
				CD2FB0AE5D198002C8A37879 /* foods.json in Resources */,
			);
			runOnlyForDeploymentPostprocessing = 0;
		};
/* End PBXResourcesBuildPhase section */

/* Begin PBXSourcesBuildPhase section */
		50046BE0C4842BFBBBB5D624 /* Sources */ = {
			isa = PBXSourcesBuildPhase;
			buildActionMask = 2147483647;
			files = (
				F3623B19102360F63B06AF41 /* CSVParserTests.swift in Sources */,
				697D238D9EB39A9F8D6E7916 /* CalibrateTests.swift in Sources */,
				A56DCE76FEBA63F6F79C8310 /* UIFlowTests.swift in Sources */,
				486BCC773CD89F852CFC70C7 /* WeightTrendCalculatorTests.swift in Sources */,
			);
			runOnlyForDeploymentPostprocessing = 0;
		};
		A72F6450A5D24DD409E51826 /* Sources */ = {
			isa = PBXSourcesBuildPhase;
			buildActionMask = 2147483647;
			files = (
				0741EFB01E9FF851E93194C5 /* AddSupplementView.swift in Sources */,
				1A8EE0351A285EF89143463B /* AppDatabase.swift in Sources */,
				95549B4A9F8F1E05B9155E65 /* CGMImportService.swift in Sources */,
				76C08C513EC7E180867E0CED /* CSVParser.swift in Sources */,
				79344C393A9E4C2440C98EBD /* CalibrateApp.swift in Sources */,
				43628306031B602826D4DD3C /* ContentView.swift in Sources */,
				16DB38714AD805DDAD31AB8F /* DEXAOverviewView.swift in Sources */,
				E720CCE7D7CD2F05B96CCF2D /* DEXAScan.swift in Sources */,
				42947FEB84301F26DA85E6F2 /* DailyNutrition.swift in Sources */,
				EF8FD8E24B05B5F9B1AC9A32 /* DashboardView.swift in Sources */,
				0EC6E922168209A1BA924A04 /* DashboardViewModel.swift in Sources */,
				204D1FE0E0C8BA05613422D7 /* DateFormatters.swift in Sources */,
				5A499C232ED9F7B22FB048EA /* Food.swift in Sources */,
				DF75D4E84192E419423DF4CF /* FoodEntry.swift in Sources */,
				317AB25F66899461B5A1D719 /* FoodLogViewModel.swift in Sources */,
				1440BC9C8270BC461C291718 /* FoodSearchView.swift in Sources */,
				0C9A357A647802C3EF4C4A0C /* FoodTabView.swift in Sources */,
				9CE104C1FD01BC2A41FD6584 /* GlucoseReading.swift in Sources */,
				E07F6B7E6B5CE18E8575E8C2 /* GlucoseTabView.swift in Sources */,
				1AF473E9FD24F82B554DA4E8 /* HealthKitService.swift in Sources */,
				78938F29218C99CB23DAC3ED /* MealLog.swift in Sources */,
				C9E0D35C643538C239E400DD /* Migrations.swift in Sources */,
				8C7E742FBC46E62425AD08A9 /* MoreTabView.swift in Sources */,
				D86D43E57AAE1262A0E74825 /* Persistence.swift in Sources */,
				C83FEF73D15E29281D1763C9 /* QuickAddView.swift in Sources */,
				DACF6FCE73EB0A9519519DC3 /* Supplement.swift in Sources */,
				59C68A3EA0202ED060258FA2 /* SupplementLog.swift in Sources */,
				B8CA9DA1D84469F280AC9D3E /* SupplementViewModel.swift in Sources */,
				C515F7F9FC7250075358C17B /* SupplementsTabView.swift in Sources */,
				62E78F485D34159F9B468BF8 /* Theme.swift in Sources */,
				6524F0200F21D85BDAFFCE7C /* Units.swift in Sources */,
				DAC71639C53CE62EF689B954 /* WeightChartView.swift in Sources */,
				B3C3019B771F656D0010DD23 /* WeightEntry.swift in Sources */,
				8C58D1F1D1C50D89F76E44F6 /* WeightEntryView.swift in Sources */,
				5C19116B9D313EF06176739B /* WeightInsightsView.swift in Sources */,
				F1B2A9159C0C0798A3087F9A /* WeightLogListView.swift in Sources */,
				DDBE05771B8B1C9E835978C4 /* WeightTabView.swift in Sources */,
				59DE2D330C3D423023F5E0CA /* WeightTrendCalculator.swift in Sources */,
				C9A5F33CBF9FD4D2A4BD6848 /* WeightViewModel.swift in Sources */,
			);
			runOnlyForDeploymentPostprocessing = 0;
		};
/* End PBXSourcesBuildPhase section */

/* Begin PBXTargetDependency section */
		1D7DB4C0563CEFFF0FE87703 /* PBXTargetDependency */ = {
			isa = PBXTargetDependency;
			target = 3A4C37BF561AB6506C5B9245 /* Calibrate */;
			targetProxy = 4B0F90B60FC868CCAA385624 /* PBXContainerItemProxy */;
		};
/* End PBXTargetDependency section */

/* Begin XCBuildConfiguration section */
		1634E970AD376B473077E78C /* Release */ = {
			isa = XCBuildConfiguration;
			buildSettings = {
				ASSETCATALOG_COMPILER_APPICON_NAME = AppIcon;
				CODE_SIGN_ENTITLEMENTS = Calibrate/Calibrate.entitlements;
				CODE_SIGN_IDENTITY = "iPhone Developer";
				CURRENT_PROJECT_VERSION = 1;
				DEVELOPMENT_TEAM = "";
				GENERATE_INFOPLIST_FILE = YES;
				INFOPLIST_FILE = Calibrate/Info.plist;
				INFOPLIST_KEY_CFBundleDisplayName = Calibrate;
				LD_RUNPATH_SEARCH_PATHS = (
					"$(inherited)",
					"@executable_path/Frameworks",
				);
				MARKETING_VERSION = 0.1.0;
				PRODUCT_BUNDLE_IDENTIFIER = com.calibrate.app;
				SDKROOT = iphoneos;
				SWIFT_VERSION = 6.0;
				TARGETED_DEVICE_FAMILY = "1,2";
			};
			name = Release;
		};
		1FB9DD0FE42A9888E53A5844 /* Debug */ = {
			isa = XCBuildConfiguration;
			buildSettings = {
				BUNDLE_LOADER = "$(TEST_HOST)";
				GENERATE_INFOPLIST_FILE = YES;
				LD_RUNPATH_SEARCH_PATHS = (
					"$(inherited)",
					"@executable_path/Frameworks",
					"@loader_path/Frameworks",
				);
				PRODUCT_BUNDLE_IDENTIFIER = com.calibrate.CalibrateTests;
				SDKROOT = iphoneos;
				SWIFT_VERSION = 6.0;
				TARGETED_DEVICE_FAMILY = "1,2";
				TEST_HOST = "$(BUILT_PRODUCTS_DIR)/Calibrate.app/Calibrate";
			};
			name = Debug;
		};
		25642AD51EF733B7B7E96E84 /* Release */ = {
			isa = XCBuildConfiguration;
			buildSettings = {
				ALWAYS_SEARCH_USER_PATHS = NO;
				CLANG_ANALYZER_NONNULL = YES;
				CLANG_ANALYZER_NUMBER_OBJECT_CONVERSION = YES_AGGRESSIVE;
				CLANG_CXX_LANGUAGE_STANDARD = "gnu++14";
				CLANG_CXX_LIBRARY = "libc++";
				CLANG_ENABLE_MODULES = YES;
				CLANG_ENABLE_OBJC_ARC = YES;
				CLANG_ENABLE_OBJC_WEAK = YES;
				CLANG_WARN_BLOCK_CAPTURE_AUTORELEASING = YES;
				CLANG_WARN_BOOL_CONVERSION = YES;
				CLANG_WARN_COMMA = YES;
				CLANG_WARN_CONSTANT_CONVERSION = YES;
				CLANG_WARN_DEPRECATED_OBJC_IMPLEMENTATIONS = YES;
				CLANG_WARN_DIRECT_OBJC_ISA_USAGE = YES_ERROR;
				CLANG_WARN_DOCUMENTATION_COMMENTS = YES;
				CLANG_WARN_EMPTY_BODY = YES;
				CLANG_WARN_ENUM_CONVERSION = YES;
				CLANG_WARN_INFINITE_RECURSION = YES;
				CLANG_WARN_INT_CONVERSION = YES;
				CLANG_WARN_NON_LITERAL_NULL_CONVERSION = YES;
				CLANG_WARN_OBJC_IMPLICIT_RETAIN_SELF = YES;
				CLANG_WARN_OBJC_LITERAL_CONVERSION = YES;
				CLANG_WARN_OBJC_ROOT_CLASS = YES_ERROR;
				CLANG_WARN_QUOTED_INCLUDE_IN_FRAMEWORK_HEADER = YES;
				CLANG_WARN_RANGE_LOOP_ANALYSIS = YES;
				CLANG_WARN_STRICT_PROTOTYPES = YES;
				CLANG_WARN_SUSPICIOUS_MOVE = YES;
				CLANG_WARN_UNGUARDED_AVAILABILITY = YES_AGGRESSIVE;
				CLANG_WARN_UNREACHABLE_CODE = YES;
				CLANG_WARN__DUPLICATE_METHOD_MATCH = YES;
				COPY_PHASE_STRIP = NO;
				DEBUG_INFORMATION_FORMAT = "dwarf-with-dsym";
				ENABLE_NS_ASSERTIONS = NO;
				ENABLE_STRICT_OBJC_MSGSEND = YES;
				GCC_C_LANGUAGE_STANDARD = gnu11;
				GCC_NO_COMMON_BLOCKS = YES;
				GCC_WARN_64_TO_32_BIT_CONVERSION = YES;
				GCC_WARN_ABOUT_RETURN_TYPE = YES_ERROR;
				GCC_WARN_UNDECLARED_SELECTOR = YES;
				GCC_WARN_UNINITIALIZED_AUTOS = YES_AGGRESSIVE;
				GCC_WARN_UNUSED_FUNCTION = YES;
				GCC_WARN_UNUSED_VARIABLE = YES;
				IPHONEOS_DEPLOYMENT_TARGET = 17.0;
				MTL_ENABLE_DEBUG_INFO = NO;
				MTL_FAST_MATH = YES;
				PRODUCT_NAME = "$(TARGET_NAME)";
				SDKROOT = iphoneos;
				SWIFT_COMPILATION_MODE = wholemodule;
				SWIFT_OPTIMIZATION_LEVEL = "-O";
				SWIFT_VERSION = 5.0;
			};
			name = Release;
		};
		37CF59A8981B7BFC78544F42 /* Release */ = {
			isa = XCBuildConfiguration;
			buildSettings = {
				BUNDLE_LOADER = "$(TEST_HOST)";
				GENERATE_INFOPLIST_FILE = YES;
				LD_RUNPATH_SEARCH_PATHS = (
					"$(inherited)",
					"@executable_path/Frameworks",
					"@loader_path/Frameworks",
				);
				PRODUCT_BUNDLE_IDENTIFIER = com.calibrate.CalibrateTests;
				SDKROOT = iphoneos;
				SWIFT_VERSION = 6.0;
				TARGETED_DEVICE_FAMILY = "1,2";
				TEST_HOST = "$(BUILT_PRODUCTS_DIR)/Calibrate.app/Calibrate";
			};
			name = Release;
		};
		53977604505CA28DA3BABF01 /* Debug */ = {
			isa = XCBuildConfiguration;
			buildSettings = {
				ASSETCATALOG_COMPILER_APPICON_NAME = AppIcon;
				CODE_SIGN_ENTITLEMENTS = Calibrate/Calibrate.entitlements;
				CODE_SIGN_IDENTITY = "iPhone Developer";
				CURRENT_PROJECT_VERSION = 1;
				DEVELOPMENT_TEAM = "";
				GENERATE_INFOPLIST_FILE = YES;
				INFOPLIST_FILE = Calibrate/Info.plist;
				INFOPLIST_KEY_CFBundleDisplayName = Calibrate;
				LD_RUNPATH_SEARCH_PATHS = (
					"$(inherited)",
					"@executable_path/Frameworks",
				);
				MARKETING_VERSION = 0.1.0;
				PRODUCT_BUNDLE_IDENTIFIER = com.calibrate.app;
				SDKROOT = iphoneos;
				SWIFT_VERSION = 6.0;
				TARGETED_DEVICE_FAMILY = "1,2";
			};
			name = Debug;
		};
		5F0AECCD9D208B00E054DDB1 /* Debug */ = {
			isa = XCBuildConfiguration;
			buildSettings = {
				ALWAYS_SEARCH_USER_PATHS = NO;
				CLANG_ANALYZER_NONNULL = YES;
				CLANG_ANALYZER_NUMBER_OBJECT_CONVERSION = YES_AGGRESSIVE;
				CLANG_CXX_LANGUAGE_STANDARD = "gnu++14";
				CLANG_CXX_LIBRARY = "libc++";
				CLANG_ENABLE_MODULES = YES;
				CLANG_ENABLE_OBJC_ARC = YES;
				CLANG_ENABLE_OBJC_WEAK = YES;
				CLANG_WARN_BLOCK_CAPTURE_AUTORELEASING = YES;
				CLANG_WARN_BOOL_CONVERSION = YES;
				CLANG_WARN_COMMA = YES;
				CLANG_WARN_CONSTANT_CONVERSION = YES;
				CLANG_WARN_DEPRECATED_OBJC_IMPLEMENTATIONS = YES;
				CLANG_WARN_DIRECT_OBJC_ISA_USAGE = YES_ERROR;
				CLANG_WARN_DOCUMENTATION_COMMENTS = YES;
				CLANG_WARN_EMPTY_BODY = YES;
				CLANG_WARN_ENUM_CONVERSION = YES;
				CLANG_WARN_INFINITE_RECURSION = YES;
				CLANG_WARN_INT_CONVERSION = YES;
				CLANG_WARN_NON_LITERAL_NULL_CONVERSION = YES;
				CLANG_WARN_OBJC_IMPLICIT_RETAIN_SELF = YES;
				CLANG_WARN_OBJC_LITERAL_CONVERSION = YES;
				CLANG_WARN_OBJC_ROOT_CLASS = YES_ERROR;
				CLANG_WARN_QUOTED_INCLUDE_IN_FRAMEWORK_HEADER = YES;
				CLANG_WARN_RANGE_LOOP_ANALYSIS = YES;
				CLANG_WARN_STRICT_PROTOTYPES = YES;
				CLANG_WARN_SUSPICIOUS_MOVE = YES;
				CLANG_WARN_UNGUARDED_AVAILABILITY = YES_AGGRESSIVE;
				CLANG_WARN_UNREACHABLE_CODE = YES;
				CLANG_WARN__DUPLICATE_METHOD_MATCH = YES;
				COPY_PHASE_STRIP = NO;
				DEBUG_INFORMATION_FORMAT = dwarf;
				ENABLE_STRICT_OBJC_MSGSEND = YES;
				ENABLE_TESTABILITY = YES;
				GCC_C_LANGUAGE_STANDARD = gnu11;
				GCC_DYNAMIC_NO_PIC = NO;
				GCC_NO_COMMON_BLOCKS = YES;
				GCC_OPTIMIZATION_LEVEL = 0;
				GCC_PREPROCESSOR_DEFINITIONS = (
					"$(inherited)",
					"DEBUG=1",
				);
				GCC_WARN_64_TO_32_BIT_CONVERSION = YES;
				GCC_WARN_ABOUT_RETURN_TYPE = YES_ERROR;
				GCC_WARN_UNDECLARED_SELECTOR = YES;
				GCC_WARN_UNINITIALIZED_AUTOS = YES_AGGRESSIVE;
				GCC_WARN_UNUSED_FUNCTION = YES;
				GCC_WARN_UNUSED_VARIABLE = YES;
				IPHONEOS_DEPLOYMENT_TARGET = 17.0;
				MTL_ENABLE_DEBUG_INFO = INCLUDE_SOURCE;
				MTL_FAST_MATH = YES;
				ONLY_ACTIVE_ARCH = YES;
				PRODUCT_NAME = "$(TARGET_NAME)";
				SDKROOT = iphoneos;
				SWIFT_ACTIVE_COMPILATION_CONDITIONS = DEBUG;
				SWIFT_OPTIMIZATION_LEVEL = "-Onone";
				SWIFT_VERSION = 5.0;
			};
			name = Debug;
		};
/* End XCBuildConfiguration section */

/* Begin XCConfigurationList section */
		35E37ABFE1E3904B24AEEB30 /* Build configuration list for PBXNativeTarget "CalibrateTests" */ = {
			isa = XCConfigurationList;
			buildConfigurations = (
				1FB9DD0FE42A9888E53A5844 /* Debug */,
				37CF59A8981B7BFC78544F42 /* Release */,
			);
			defaultConfigurationIsVisible = 0;
			defaultConfigurationName = Debug;
		};
		3ED1D02A99520FB68E5BFEE2 /* Build configuration list for PBXProject "Calibrate" */ = {
			isa = XCConfigurationList;
			buildConfigurations = (
				5F0AECCD9D208B00E054DDB1 /* Debug */,
				25642AD51EF733B7B7E96E84 /* Release */,
			);
			defaultConfigurationIsVisible = 0;
			defaultConfigurationName = Debug;
		};
		943E1A51883E070FB5DAFBAD /* Build configuration list for PBXNativeTarget "Calibrate" */ = {
			isa = XCConfigurationList;
			buildConfigurations = (
				53977604505CA28DA3BABF01 /* Debug */,
				1634E970AD376B473077E78C /* Release */,
			);
			defaultConfigurationIsVisible = 0;
			defaultConfigurationName = Debug;
		};
/* End XCConfigurationList section */

/* Begin XCRemoteSwiftPackageReference section */
		6D62A96CBA899209670AC208 /* XCRemoteSwiftPackageReference "GRDB.swift" */ = {
			isa = XCRemoteSwiftPackageReference;
			repositoryURL = "https://github.com/groue/GRDB.swift.git";
			requirement = {
				kind = upToNextMajorVersion;
				minimumVersion = 7.0.0;
			};
		};
/* End XCRemoteSwiftPackageReference section */

/* Begin XCSwiftPackageProductDependency section */
		E7CF32A54A78076B2B75635C /* GRDB */ = {
			isa = XCSwiftPackageProductDependency;
			package = 6D62A96CBA899209670AC208 /* XCRemoteSwiftPackageReference "GRDB.swift" */;
			productName = GRDB;
		};
/* End XCSwiftPackageProductDependency section */
	};
	rootObject = 2FE0CCA856E2E8658B28B811 /* Project object */;
}
