// !$*UTF8*$!
{
	archiveVersion = 1;
	classes = {
	};
	objectVersion = 77;
	objects = {

/* Begin PBXBuildFile section */
		0884D534B3ADDE47643801F8 /* WeightTabView.swift in Sources */ = {isa = PBXBuildFile; fileRef = E96402659F73046846B409D5 /* WeightTabView.swift */; };
		11AFD9A7915929FB480CFE99 /* CycleCalculationTests.swift in Sources */ = {isa = PBXBuildFile; fileRef = 6B6C02FCD909BDE67D229EC1 /* CycleCalculationTests.swift */; };
		12608375BDCD57D211C64849 /* WeightLogListView.swift in Sources */ = {isa = PBXBuildFile; fileRef = 8E78D132A90B0FDC35353646 /* WeightLogListView.swift */; };
		12D17153112FD530712D6FC6 /* AIContextBuilder.swift in Sources */ = {isa = PBXBuildFile; fileRef = AB907D183F2E9999A4BC3915 /* AIContextBuilder.swift */; };
		1706838F0C81E8CA30C39676 /* SleepRecoveryView.swift in Sources */ = {isa = PBXBuildFile; fileRef = E0EA24C208A1C32DB52709A4 /* SleepRecoveryView.swift */; };
		1BF24E5EFE0ECE537D36EA2E /* FloatingAIAssistant.swift in Sources */ = {isa = PBXBuildFile; fileRef = DFF155F20FB2EF069D634C95 /* FloatingAIAssistant.swift */; };
		1E0CA8E39AF5CE13AC703456 /* BiomarkerKnowledgeBase.swift in Sources */ = {isa = PBXBuildFile; fileRef = 42CC554F9454FF0FC8A31F56 /* BiomarkerKnowledgeBase.swift */; };
		1E11E5682458FC83023281D7 /* WeightInsightsView.swift in Sources */ = {isa = PBXBuildFile; fileRef = A039993077E4BE9F83149249 /* WeightInsightsView.swift */; };
		1E41F060499A92A9EFB59BE1 /* BiomarkerDetailView.swift in Sources */ = {isa = PBXBuildFile; fileRef = 155E590DFD0A95014B993B9D /* BiomarkerDetailView.swift */; };
		2159F8ABA37706FCF57C3A63 /* SupplementsTabView.swift in Sources */ = {isa = PBXBuildFile; fileRef = B58C97F6B46397BDA539E78C /* SupplementsTabView.swift */; };
		24CF74D9CA0E8A4555F1EC68 /* SupplementViewModel.swift in Sources */ = {isa = PBXBuildFile; fileRef = 1D783FD1AF8952C1C8CECD29 /* SupplementViewModel.swift */; };
		24D454E75E424F7ACA736A91 /* GlucoseTabView.swift in Sources */ = {isa = PBXBuildFile; fileRef = B0DAF3E5EFC6C85282C084A8 /* GlucoseTabView.swift */; };
		27536FF4DD83AB95ADECF5AB /* Persistence.swift in Sources */ = {isa = PBXBuildFile; fileRef = DDFFBCB3D524DCFEA822DB53 /* Persistence.swift */; };
		2789843CBA7CA913FA86CCEB /* biomarkers.json in Resources */ = {isa = PBXBuildFile; fileRef = 059465804E239D09C0E9C1D4 /* biomarkers.json */; };
		2789D96230755D58B91B3175 /* WorkoutPersistenceTests.swift in Sources */ = {isa = PBXBuildFile; fileRef = 46E22593ED4EAC860EFBF887 /* WorkoutPersistenceTests.swift */; };
		29FCA567A01752328CAEFFED /* ExerciseDatabase.swift in Sources */ = {isa = PBXBuildFile; fileRef = B0653C13FD227ACE4F774C46 /* ExerciseDatabase.swift */; };
		2A30C354DF8C230F664C7811 /* LLMIntegrationTest.swift in Sources */ = {isa = PBXBuildFile; fileRef = 6ECA6D7172DB943CC6950F55 /* LLMIntegrationTest.swift */; };
		2CCF5E1D415E462AE9997DD4 /* DashboardViewModel.swift in Sources */ = {isa = PBXBuildFile; fileRef = B0C555B3F9005A7C75FAAD51 /* DashboardViewModel.swift */; };
		2DDEA9907FA6338488A8E1CD /* AITests.swift in Sources */ = {isa = PBXBuildFile; fileRef = 19E7517E5B4779CBBE1C7284 /* AITests.swift */; };
		307CDADBBCCE0A3FD121817C /* DefaultTemplates.swift in Sources */ = {isa = PBXBuildFile; fileRef = 5D4BF27A41CD9659EFF50036 /* DefaultTemplates.swift */; };
		30F7D3160F146CA92713AD13 /* MoreTabView.swift in Sources */ = {isa = PBXBuildFile; fileRef = 5F6D2AA89F46A33EAE39DEAC /* MoreTabView.swift */; };
		310C2BA2AF1BB8CC25FCC976 /* DriftTests.swift in Sources */ = {isa = PBXBuildFile; fileRef = A1AB1D48F6D71EC9854629ED /* DriftTests.swift */; };
		3375CEC1D52AFAE8D81F4012 /* AISetupView.swift in Sources */ = {isa = PBXBuildFile; fileRef = 7F4C6870115BE53081FA0CDE /* AISetupView.swift */; };
		33EC5B66DF492493925C24CA /* CGMImportService.swift in Sources */ = {isa = PBXBuildFile; fileRef = 16A8D46F9E08C1960010A695 /* CGMImportService.swift */; };
		37AE19FE7D95B7FA8B8477DE /* DailyNutrition.swift in Sources */ = {isa = PBXBuildFile; fileRef = 1053BB3F19E5D50A27C74DDE /* DailyNutrition.swift */; };
		3A45CB30EFB91DF5C4E468AD /* QuickAddView.swift in Sources */ = {isa = PBXBuildFile; fileRef = 20576FEB4A7F0371596D08E6 /* QuickAddView.swift */; };
		3BBB59B401ACCCDB35D323F3 /* DEXAScan.swift in Sources */ = {isa = PBXBuildFile; fileRef = 1E0A2B843D779BCA23400645 /* DEXAScan.swift */; };
		3BCC2E9C4749994B3147347C /* BiomarkerResult.swift in Sources */ = {isa = PBXBuildFile; fileRef = 82577AEF6B12486590A24B47 /* BiomarkerResult.swift */; };
		3EF98591577370706EFB2940 /* GlucoseReading.swift in Sources */ = {isa = PBXBuildFile; fileRef = 491E711DE9CBB80FC1BF1AE9 /* GlucoseReading.swift */; };
		40D9D335AB3F15A1CCB643E9 /* RecoveryEstimator.swift in Sources */ = {isa = PBXBuildFile; fileRef = CB475E92982AD4F8897D5D8E /* RecoveryEstimator.swift */; };
		421D57520E9C09C88A6A0B6B /* AlgorithmSettingsView.swift in Sources */ = {isa = PBXBuildFile; fileRef = EE2D9672D96D6738FA36D4F2 /* AlgorithmSettingsView.swift */; };
		43FCEE74704AB4A0A900510A /* BarcodeScannerView.swift in Sources */ = {isa = PBXBuildFile; fileRef = 55F24D93872F919F1A8CB319 /* BarcodeScannerView.swift */; };
		448C2B35142FF9B3A878D8E0 /* WorkoutService.swift in Sources */ = {isa = PBXBuildFile; fileRef = 6F84469D20EBBA0BD037FBCA /* WorkoutService.swift */; };
		49D0426489D97845E43EA8B9 /* Supplement.swift in Sources */ = {isa = PBXBuildFile; fileRef = 790C2D3452366D6B473DE2B1 /* Supplement.swift */; };
		4AEC72C5305BE9A0C9555627 /* BiomarkerDefinition.swift in Sources */ = {isa = PBXBuildFile; fileRef = 6E4A88611445C2672FD84570 /* BiomarkerDefinition.swift */; };
		4B409391B107757F169355AE /* DatabaseEdgeCaseTests.swift in Sources */ = {isa = PBXBuildFile; fileRef = 32AC5A6130E7655FFC74502F /* DatabaseEdgeCaseTests.swift */; };
		4C31E5F32057829ABAA0840A /* DriftApp.swift in Sources */ = {isa = PBXBuildFile; fileRef = DC6712FB46945A6FE1AAB0E0 /* DriftApp.swift */; };
		4C8D307CC64DADDCE400F45B /* DEXARegion.swift in Sources */ = {isa = PBXBuildFile; fileRef = AE42BE067CE617760E08B051 /* DEXARegion.swift */; };
		510B0EC55CDC176805887710 /* DefaultFoods.swift in Sources */ = {isa = PBXBuildFile; fileRef = 9B410A7B058246A1F98F46E9 /* DefaultFoods.swift */; };
		5284981F1135EBAFC55F5BFE /* llama.xcframework in Frameworks */ = {isa = PBXBuildFile; fileRef = 4101CD9171B652C6B8D1BB4E /* llama.xcframework */; };
		5A5C3B121A517C9F07A31C5A /* CycleCalculations.swift in Sources */ = {isa = PBXBuildFile; fileRef = 37D1FB1A43791483D88EC4BC /* CycleCalculations.swift */; };
		5D88D4133DC583D407E81955 /* FoodLoggingTests.swift in Sources */ = {isa = PBXBuildFile; fileRef = B3D6A44D7C25BC4956132FE8 /* FoodLoggingTests.swift */; };
		5F4476C2F1B7DC3E662A1DBC /* Theme.swift in Sources */ = {isa = PBXBuildFile; fileRef = 24385DF0FF7F89584AE40020 /* Theme.swift */; };
		685C24962B2912E5B124EB60 /* BodyMapView.swift in Sources */ = {isa = PBXBuildFile; fileRef = D5286E0309471AF898D70E3C /* BodyMapView.swift */; };
		6A4AC25199199579681FCAD4 /* WeightViewModel.swift in Sources */ = {isa = PBXBuildFile; fileRef = D0E8B598BCB7486A2C75848E /* WeightViewModel.swift */; };
		6A5E607A5053083EB25372F7 /* AIActionExecutor.swift in Sources */ = {isa = PBXBuildFile; fileRef = 8C1323C593FD4D57F250E362 /* AIActionExecutor.swift */; };
		6B0CE72048898157F8BA881F /* BarcodeCache.swift in Sources */ = {isa = PBXBuildFile; fileRef = F4EFC6AC02BBE73CDE74B5E2 /* BarcodeCache.swift */; };
		70F621B0C5089E738C2DEA5E /* FoodTabView.swift in Sources */ = {isa = PBXBuildFile; fileRef = 5A981E37D718D28A6679F9C8 /* FoodTabView.swift */; };
		7BDC02B8C99F8B719546A8A1 /* WeightEntry.swift in Sources */ = {isa = PBXBuildFile; fileRef = F237A2E1C7747DBE102B665C /* WeightEntry.swift */; };
		8224D8220B6D9328EDDDB648 /* DEXAOverviewView.swift in Sources */ = {isa = PBXBuildFile; fileRef = 5893DE4C163CA3CF50E74C1A /* DEXAOverviewView.swift */; };
		86211210D2E5528F57C90AEF /* WorkoutView.swift in Sources */ = {isa = PBXBuildFile; fileRef = AB2998A31AEC29094C6F4062 /* WorkoutView.swift */; };
		86899F322EA3AB5164995C09 /* AIActionParser.swift in Sources */ = {isa = PBXBuildFile; fileRef = D6B64C16D8106D8EB594C117 /* AIActionParser.swift */; };
		87B4A86A2CDE6196B42015A4 /* FavoriteFood.swift in Sources */ = {isa = PBXBuildFile; fileRef = C2C63097444CD8E010008D65 /* FavoriteFood.swift */; };
		8A8CF11C6A7AF26DCABECF6A /* CSVParserTests.swift in Sources */ = {isa = PBXBuildFile; fileRef = 6D6B07DD56345F8A5F5448BC /* CSVParserTests.swift */; };
		8B4A3B20843E58F584398C79 /* LabReport.swift in Sources */ = {isa = PBXBuildFile; fileRef = A5437789EE3514EE1191D392 /* LabReport.swift */; };
		8CB8BF68CE3F11B2CFBDDB16 /* sample_lingo_export.csv in Resources */ = {isa = PBXBuildFile; fileRef = E6B95CCD0C984C915051F482 /* sample_lingo_export.csv */; };
		8D8FB3814300848676740EC6 /* AddSupplementView.swift in Sources */ = {isa = PBXBuildFile; fileRef = E4BD88646DFE4A17724D4407 /* AddSupplementView.swift */; };
		900DFB12EECDD2D618FEC253 /* OpenFoodFactsService.swift in Sources */ = {isa = PBXBuildFile; fileRef = 9887274AA907DE6C5349B2D1 /* OpenFoodFactsService.swift */; };
		92B596C732C7784167EC8CDE /* WorkoutTests.swift in Sources */ = {isa = PBXBuildFile; fileRef = 1A884AC137C46CE932FEE1C9 /* WorkoutTests.swift */; };
		92F6CD33F11BF82738AAF81C /* LabReportOCRTests.swift in Sources */ = {isa = PBXBuildFile; fileRef = 5D1E187818C8B9D2196B4B9D /* LabReportOCRTests.swift */; };
		940612EB003CCC2F1FF36DD1 /* AIEvalHarness.swift in Sources */ = {isa = PBXBuildFile; fileRef = BADD153523D188C4ED89B55D /* AIEvalHarness.swift */; };
		98FBDD66D792C10086005407 /* AIBackend.swift in Sources */ = {isa = PBXBuildFile; fileRef = 64BFDDB952907C50869B4078 /* AIBackend.swift */; };
		98FF97CFE71A6BBCFF976259 /* UIFlowTests.swift in Sources */ = {isa = PBXBuildFile; fileRef = E1A5DA3E3543A99260250279 /* UIFlowTests.swift */; };
		9ACECC13D2365A3DF7F2C28C /* ContentView.swift in Sources */ = {isa = PBXBuildFile; fileRef = F78E3B6C1497F6A200DF8095 /* ContentView.swift */; };
		9BDC062DA33278D9CE34EFC3 /* exercises.json in Resources */ = {isa = PBXBuildFile; fileRef = C10970FB3ED143760EC6C8C5 /* exercises.json */; };
		9CBCD31AD1998B4E5237C1A6 /* Units.swift in Sources */ = {isa = PBXBuildFile; fileRef = 88A19640FB19F5628DC8B824 /* Units.swift */; };
		9F09FCD3472B6C02FEC11B48 /* llama.xcframework in Embed Frameworks */ = {isa = PBXBuildFile; fileRef = 4101CD9171B652C6B8D1BB4E /* llama.xcframework */; settings = {ATTRIBUTES = (CodeSignOnCopy, RemoveHeadersOnCopy, ); }; };
		A2ACB0BE8811077162EBE463 /* FoodLogViewModel.swift in Sources */ = {isa = PBXBuildFile; fileRef = AE2809389EE890A3F01ED675 /* FoodLogViewModel.swift */; };
		A8ACF4689ACE5AE7AB3FE4DE /* LabReportStorage.swift in Sources */ = {isa = PBXBuildFile; fileRef = 8F4D8D947C82941F66C3E892 /* LabReportStorage.swift */; };
		AA43792497E2FC36FF55F58C /* Assets.xcassets in Resources */ = {isa = PBXBuildFile; fileRef = 08E33CA6BE80D735A37ED745 /* Assets.xcassets */; };
		ADFD099AC0AEB4154AF6063B /* WeightTrendCalculator.swift in Sources */ = {isa = PBXBuildFile; fileRef = FD5DFCD5C5ED2C0D7E5CD8EF /* WeightTrendCalculator.swift */; };
		B2654B50471C75496A1AA0D7 /* NutritionLabelOCR.swift in Sources */ = {isa = PBXBuildFile; fileRef = 418816F51F38F19F65BC3D77 /* NutritionLabelOCR.swift */; };
		B26EFEA29CD8570813193C98 /* WeightGoal.swift in Sources */ = {isa = PBXBuildFile; fileRef = 89FB0C77EA74796A1BF01D1F /* WeightGoal.swift */; };
		B3B780A670DA8D354A057699 /* foods.json in Resources */ = {isa = PBXBuildFile; fileRef = FD7026C3D8745999EED9478E /* foods.json */; };
		B790734E4AA15AD5735C9024 /* AIResponseCleaner.swift in Sources */ = {isa = PBXBuildFile; fileRef = 659C59EE72A777C6DEA046D9 /* AIResponseCleaner.swift */; };
		B8666DFAC44BA801AF626FE7 /* CSVParser.swift in Sources */ = {isa = PBXBuildFile; fileRef = 0D45209A3DCC7F6659E6E367 /* CSVParser.swift */; };
		BA4A49D33CF87342C8F00DCD /* SupplementLog.swift in Sources */ = {isa = PBXBuildFile; fileRef = F3E0BC3660040DBB4942437D /* SupplementLog.swift */; };
		BE6B98B254C7B200F8428F01 /* AIRuleEngine.swift in Sources */ = {isa = PBXBuildFile; fileRef = 237FC00B086CC3785B482588 /* AIRuleEngine.swift */; };
		BEAFE882B09BA211628205D9 /* ServingUnit.swift in Sources */ = {isa = PBXBuildFile; fileRef = AFCD031A1C605FBFFDF1B7D0 /* ServingUnit.swift */; };
		BFA019F024F4E73B203B8975 /* BodySpecPDFParser.swift in Sources */ = {isa = PBXBuildFile; fileRef = 9F9F051926CE39DF3E0A47DA /* BodySpecPDFParser.swift */; };
		C2CAF32E19EB6A66F3C6554E /* AIModelManager.swift in Sources */ = {isa = PBXBuildFile; fileRef = 377CCA5F9E895164E95EC65E /* AIModelManager.swift */; };
		C4412538AE3E1E269685CB2A /* Log.swift in Sources */ = {isa = PBXBuildFile; fileRef = 99C89E28D8FBE125273FB677 /* Log.swift */; };
		C6533AEBED5F6D1F5387F98A /* RobustnessTests.swift in Sources */ = {isa = PBXBuildFile; fileRef = 647116F9E4F78CE702CB870C /* RobustnessTests.swift */; };
		C78684F2133F07AAAC383EDB /* GoalView.swift in Sources */ = {isa = PBXBuildFile; fileRef = 3258B6E91169170587AAB02B /* GoalView.swift */; };
		CF5BB4A5266F949DA9DEE006 /* LabReportUploadView.swift in Sources */ = {isa = PBXBuildFile; fileRef = F7D747073BCD9310AB76B496 /* LabReportUploadView.swift */; };
		D1F92D043D241D539585C068 /* ServingInputView.swift in Sources */ = {isa = PBXBuildFile; fileRef = 7F7F3BAFA978301368D148CF /* ServingInputView.swift */; };
		D681045AF7657C38E75D4D86 /* FoodSearchView.swift in Sources */ = {isa = PBXBuildFile; fileRef = 42A6CAF4720F61DC0C9BD2E7 /* FoodSearchView.swift */; };
		D7C81264B1FEDD6E3701FD13 /* Migrations.swift in Sources */ = {isa = PBXBuildFile; fileRef = 9FDCCAED76696ACF2A89F445 /* Migrations.swift */; };
		D8DCF736FEE3123E530756CA /* CycleView.swift in Sources */ = {isa = PBXBuildFile; fileRef = 163C4017D9AEE2E0927DC907 /* CycleView.swift */; };
		DAD2FB33C19A3574C2643082 /* DateFormatters.swift in Sources */ = {isa = PBXBuildFile; fileRef = 35CA37F54FABF8B93BB278BB /* DateFormatters.swift */; };
		DB3B28E9FBF4531A10E67AA9 /* Food.swift in Sources */ = {isa = PBXBuildFile; fileRef = 6A797FB70463B0909C9C34E3 /* Food.swift */; };
		DD0B299251C0A89AE490CC73 /* BiomarkersTabView.swift in Sources */ = {isa = PBXBuildFile; fileRef = 664CF8C9378B65A23548F155 /* BiomarkersTabView.swift */; };
		DF025680665178535364944C /* WeightTrendCalculatorTests.swift in Sources */ = {isa = PBXBuildFile; fileRef = 3F51E9EC49412B4F96068D35 /* WeightTrendCalculatorTests.swift */; };
		DFCF8C1D8A9F7A20072F37C0 /* HealthKitService.swift in Sources */ = {isa = PBXBuildFile; fileRef = F57B8BA8C0B119CF10614F14 /* HealthKitService.swift */; };
		DFFA7CC42D60E67CB40222E8 /* WeightChartView.swift in Sources */ = {isa = PBXBuildFile; fileRef = 1ABDC86BA4516AA3699FE080 /* WeightChartView.swift */; };
		E005CF28B290C9D3A57C6264 /* AIDataCache.swift in Sources */ = {isa = PBXBuildFile; fileRef = B05CAB03715CB2E39F8E8262 /* AIDataCache.swift */; };
		E083B1E037CD15A623ABFF2D /* FoodEntry.swift in Sources */ = {isa = PBXBuildFile; fileRef = DF03B01EDE878137C97C5012 /* FoodEntry.swift */; };
		E0F86EB4273E7AC079F525CE /* LabReportOCR.swift in Sources */ = {isa = PBXBuildFile; fileRef = E342C8090873CF9612C8A63E /* LabReportOCR.swift */; };
		E10A3A33C9E718C1D077AC02 /* WeightEntryView.swift in Sources */ = {isa = PBXBuildFile; fileRef = 217B3F5DA6C6AA9BB267D9F3 /* WeightEntryView.swift */; };
		E16388BC43C225F2C6B7368A /* AIChatView.swift in Sources */ = {isa = PBXBuildFile; fileRef = 9FA2C56E731BE5610FDC5B12 /* AIChatView.swift */; };
		EA08170013B8F2A7481FF81F /* Workout.swift in Sources */ = {isa = PBXBuildFile; fileRef = BE56F885D3FD4E44B8999557 /* Workout.swift */; };
		EA461A149CE8C537C738BF00 /* GRDB in Frameworks */ = {isa = PBXBuildFile; productRef = 8D44ABA58001AC21A70DEA3A /* GRDB */; };
		EB2A292ED2019794749E4839 /* AppDatabase.swift in Sources */ = {isa = PBXBuildFile; fileRef = 2A19AD32FF007540A79C20BC /* AppDatabase.swift */; };
		EBB7CC6399A751DB3037402E /* AIChainOfThought.swift in Sources */ = {isa = PBXBuildFile; fileRef = B0EFA5472653570BDFE77155 /* AIChainOfThought.swift */; };
		EDBADA2C372F712D791B9CB3 /* LabReportDetailView.swift in Sources */ = {isa = PBXBuildFile; fileRef = 9317E4AADEC72D6DC385E722 /* LabReportDetailView.swift */; };
		EE7CBD2147B65BED5FC0047C /* MealLog.swift in Sources */ = {isa = PBXBuildFile; fileRef = C182889F4730B18DE0244F02 /* MealLog.swift */; };
		F1E4DA4DB8A18FEE2C6A4413 /* TDEEEstimator.swift in Sources */ = {isa = PBXBuildFile; fileRef = BC5309A92CB03534993AE5E9 /* TDEEEstimator.swift */; };
		F29E79872466C7556AC9D549 /* EdgeCaseTests.swift in Sources */ = {isa = PBXBuildFile; fileRef = 47334FA11098E0172ED4A19A /* EdgeCaseTests.swift */; };
		F9B44B0CA0EB70D90AFF6AA0 /* LlamaCppBackend.swift in Sources */ = {isa = PBXBuildFile; fileRef = 7392F1C1953721F1AD362662 /* LlamaCppBackend.swift */; };
		FB1D2AF65F10F935076969F6 /* LocalAIService.swift in Sources */ = {isa = PBXBuildFile; fileRef = B5ABF9F3D40318CC0238A796 /* LocalAIService.swift */; };
		FC725819F735636B40300619 /* NutritionOCRTests.swift in Sources */ = {isa = PBXBuildFile; fileRef = 1575030FD9A7BEF5BC9E0612 /* NutritionOCRTests.swift */; };
		FE2EC2B62CB693DA85CD1544 /* DashboardView.swift in Sources */ = {isa = PBXBuildFile; fileRef = DD2565511DFA43570D0CE9EA /* DashboardView.swift */; };
/* End PBXBuildFile section */

/* Begin PBXContainerItemProxy section */
		315C2652D757491C8E1F51A7 /* PBXContainerItemProxy */ = {
			isa = PBXContainerItemProxy;
			containerPortal = C57AFFDCB18AE227A2FF2ECA /* Project object */;
			proxyType = 1;
			remoteGlobalIDString = CAEDCE34417A91D973F68377;
			remoteInfo = Drift;
		};
/* End PBXContainerItemProxy section */

/* Begin PBXCopyFilesBuildPhase section */
		6D0E33BD7AB89B601B6F2462 /* Embed Frameworks */ = {
			isa = PBXCopyFilesBuildPhase;
			buildActionMask = 2147483647;
			dstPath = "";
			dstSubfolderSpec = 10;
			files = (
				9F09FCD3472B6C02FEC11B48 /* llama.xcframework in Embed Frameworks */,
			);
			name = "Embed Frameworks";
			runOnlyForDeploymentPostprocessing = 0;
		};
/* End PBXCopyFilesBuildPhase section */

/* Begin PBXFileReference section */
		0207D73F0C177B95B548B321 /* Info.plist */ = {isa = PBXFileReference; lastKnownFileType = text.plist; path = Info.plist; sourceTree = "<group>"; };
		059465804E239D09C0E9C1D4 /* biomarkers.json */ = {isa = PBXFileReference; lastKnownFileType = text.json; path = biomarkers.json; sourceTree = "<group>"; };
		08E33CA6BE80D735A37ED745 /* Assets.xcassets */ = {isa = PBXFileReference; lastKnownFileType = folder.assetcatalog; path = Assets.xcassets; sourceTree = "<group>"; };
		0D45209A3DCC7F6659E6E367 /* CSVParser.swift */ = {isa = PBXFileReference; lastKnownFileType = sourcecode.swift; path = CSVParser.swift; sourceTree = "<group>"; };
		1053BB3F19E5D50A27C74DDE /* DailyNutrition.swift */ = {isa = PBXFileReference; lastKnownFileType = sourcecode.swift; path = DailyNutrition.swift; sourceTree = "<group>"; };
		155E590DFD0A95014B993B9D /* BiomarkerDetailView.swift */ = {isa = PBXFileReference; lastKnownFileType = sourcecode.swift; path = BiomarkerDetailView.swift; sourceTree = "<group>"; };
		1575030FD9A7BEF5BC9E0612 /* NutritionOCRTests.swift */ = {isa = PBXFileReference; lastKnownFileType = sourcecode.swift; path = NutritionOCRTests.swift; sourceTree = "<group>"; };
		163C4017D9AEE2E0927DC907 /* CycleView.swift */ = {isa = PBXFileReference; lastKnownFileType = sourcecode.swift; path = CycleView.swift; sourceTree = "<group>"; };
		16A8D46F9E08C1960010A695 /* CGMImportService.swift */ = {isa = PBXFileReference; lastKnownFileType = sourcecode.swift; path = CGMImportService.swift; sourceTree = "<group>"; };
		19E7517E5B4779CBBE1C7284 /* AITests.swift */ = {isa = PBXFileReference; lastKnownFileType = sourcecode.swift; path = AITests.swift; sourceTree = "<group>"; };
		1A884AC137C46CE932FEE1C9 /* WorkoutTests.swift */ = {isa = PBXFileReference; lastKnownFileType = sourcecode.swift; path = WorkoutTests.swift; sourceTree = "<group>"; };
		1ABDC86BA4516AA3699FE080 /* WeightChartView.swift */ = {isa = PBXFileReference; lastKnownFileType = sourcecode.swift; path = WeightChartView.swift; sourceTree = "<group>"; };
		1D783FD1AF8952C1C8CECD29 /* SupplementViewModel.swift */ = {isa = PBXFileReference; lastKnownFileType = sourcecode.swift; path = SupplementViewModel.swift; sourceTree = "<group>"; };
		1E0A2B843D779BCA23400645 /* DEXAScan.swift */ = {isa = PBXFileReference; lastKnownFileType = sourcecode.swift; path = DEXAScan.swift; sourceTree = "<group>"; };
		20576FEB4A7F0371596D08E6 /* QuickAddView.swift */ = {isa = PBXFileReference; lastKnownFileType = sourcecode.swift; path = QuickAddView.swift; sourceTree = "<group>"; };
		217B3F5DA6C6AA9BB267D9F3 /* WeightEntryView.swift */ = {isa = PBXFileReference; lastKnownFileType = sourcecode.swift; path = WeightEntryView.swift; sourceTree = "<group>"; };
		237FC00B086CC3785B482588 /* AIRuleEngine.swift */ = {isa = PBXFileReference; lastKnownFileType = sourcecode.swift; path = AIRuleEngine.swift; sourceTree = "<group>"; };
		24385DF0FF7F89584AE40020 /* Theme.swift */ = {isa = PBXFileReference; lastKnownFileType = sourcecode.swift; path = Theme.swift; sourceTree = "<group>"; };
		2A19AD32FF007540A79C20BC /* AppDatabase.swift */ = {isa = PBXFileReference; lastKnownFileType = sourcecode.swift; path = AppDatabase.swift; sourceTree = "<group>"; };
		3258B6E91169170587AAB02B /* GoalView.swift */ = {isa = PBXFileReference; lastKnownFileType = sourcecode.swift; path = GoalView.swift; sourceTree = "<group>"; };
		32AC5A6130E7655FFC74502F /* DatabaseEdgeCaseTests.swift */ = {isa = PBXFileReference; lastKnownFileType = sourcecode.swift; path = DatabaseEdgeCaseTests.swift; sourceTree = "<group>"; };
		35CA37F54FABF8B93BB278BB /* DateFormatters.swift */ = {isa = PBXFileReference; lastKnownFileType = sourcecode.swift; path = DateFormatters.swift; sourceTree = "<group>"; };
		377CCA5F9E895164E95EC65E /* AIModelManager.swift */ = {isa = PBXFileReference; lastKnownFileType = sourcecode.swift; path = AIModelManager.swift; sourceTree = "<group>"; };
		37D1FB1A43791483D88EC4BC /* CycleCalculations.swift */ = {isa = PBXFileReference; lastKnownFileType = sourcecode.swift; path = CycleCalculations.swift; sourceTree = "<group>"; };
		3F51E9EC49412B4F96068D35 /* WeightTrendCalculatorTests.swift */ = {isa = PBXFileReference; lastKnownFileType = sourcecode.swift; path = WeightTrendCalculatorTests.swift; sourceTree = "<group>"; };
		4101CD9171B652C6B8D1BB4E /* llama.xcframework */ = {isa = PBXFileReference; lastKnownFileType = wrapper.xcframework; name = llama.xcframework; path = Frameworks/llama.xcframework; sourceTree = "<group>"; };
		418816F51F38F19F65BC3D77 /* NutritionLabelOCR.swift */ = {isa = PBXFileReference; lastKnownFileType = sourcecode.swift; path = NutritionLabelOCR.swift; sourceTree = "<group>"; };
		42A6CAF4720F61DC0C9BD2E7 /* FoodSearchView.swift */ = {isa = PBXFileReference; lastKnownFileType = sourcecode.swift; path = FoodSearchView.swift; sourceTree = "<group>"; };
		42CC554F9454FF0FC8A31F56 /* BiomarkerKnowledgeBase.swift */ = {isa = PBXFileReference; lastKnownFileType = sourcecode.swift; path = BiomarkerKnowledgeBase.swift; sourceTree = "<group>"; };
		46E22593ED4EAC860EFBF887 /* WorkoutPersistenceTests.swift */ = {isa = PBXFileReference; lastKnownFileType = sourcecode.swift; path = WorkoutPersistenceTests.swift; sourceTree = "<group>"; };
		47334FA11098E0172ED4A19A /* EdgeCaseTests.swift */ = {isa = PBXFileReference; lastKnownFileType = sourcecode.swift; path = EdgeCaseTests.swift; sourceTree = "<group>"; };
		491E711DE9CBB80FC1BF1AE9 /* GlucoseReading.swift */ = {isa = PBXFileReference; lastKnownFileType = sourcecode.swift; path = GlucoseReading.swift; sourceTree = "<group>"; };
		552F5AE6789DA294DDB91E8B /* Drift.app */ = {isa = PBXFileReference; includeInIndex = 0; lastKnownFileType = wrapper.application; path = Drift.app; sourceTree = BUILT_PRODUCTS_DIR; };
		55F24D93872F919F1A8CB319 /* BarcodeScannerView.swift */ = {isa = PBXFileReference; lastKnownFileType = sourcecode.swift; path = BarcodeScannerView.swift; sourceTree = "<group>"; };
		5893DE4C163CA3CF50E74C1A /* DEXAOverviewView.swift */ = {isa = PBXFileReference; lastKnownFileType = sourcecode.swift; path = DEXAOverviewView.swift; sourceTree = "<group>"; };
		5A981E37D718D28A6679F9C8 /* FoodTabView.swift */ = {isa = PBXFileReference; lastKnownFileType = sourcecode.swift; path = FoodTabView.swift; sourceTree = "<group>"; };
		5D1E187818C8B9D2196B4B9D /* LabReportOCRTests.swift */ = {isa = PBXFileReference; lastKnownFileType = sourcecode.swift; path = LabReportOCRTests.swift; sourceTree = "<group>"; };
		5D4BF27A41CD9659EFF50036 /* DefaultTemplates.swift */ = {isa = PBXFileReference; lastKnownFileType = sourcecode.swift; path = DefaultTemplates.swift; sourceTree = "<group>"; };
		5F6D2AA89F46A33EAE39DEAC /* MoreTabView.swift */ = {isa = PBXFileReference; lastKnownFileType = sourcecode.swift; path = MoreTabView.swift; sourceTree = "<group>"; };
		647116F9E4F78CE702CB870C /* RobustnessTests.swift */ = {isa = PBXFileReference; lastKnownFileType = sourcecode.swift; path = RobustnessTests.swift; sourceTree = "<group>"; };
		64BFDDB952907C50869B4078 /* AIBackend.swift */ = {isa = PBXFileReference; lastKnownFileType = sourcecode.swift; path = AIBackend.swift; sourceTree = "<group>"; };
		659C59EE72A777C6DEA046D9 /* AIResponseCleaner.swift */ = {isa = PBXFileReference; lastKnownFileType = sourcecode.swift; path = AIResponseCleaner.swift; sourceTree = "<group>"; };
		664CF8C9378B65A23548F155 /* BiomarkersTabView.swift */ = {isa = PBXFileReference; lastKnownFileType = sourcecode.swift; path = BiomarkersTabView.swift; sourceTree = "<group>"; };
		668D8D5951EB119A1624DDB2 /* DriftTests.xctest */ = {isa = PBXFileReference; includeInIndex = 0; lastKnownFileType = wrapper.cfbundle; path = DriftTests.xctest; sourceTree = BUILT_PRODUCTS_DIR; };
		6A797FB70463B0909C9C34E3 /* Food.swift */ = {isa = PBXFileReference; lastKnownFileType = sourcecode.swift; path = Food.swift; sourceTree = "<group>"; };
		6B6C02FCD909BDE67D229EC1 /* CycleCalculationTests.swift */ = {isa = PBXFileReference; lastKnownFileType = sourcecode.swift; path = CycleCalculationTests.swift; sourceTree = "<group>"; };
		6D6B07DD56345F8A5F5448BC /* CSVParserTests.swift */ = {isa = PBXFileReference; lastKnownFileType = sourcecode.swift; path = CSVParserTests.swift; sourceTree = "<group>"; };
		6E4A88611445C2672FD84570 /* BiomarkerDefinition.swift */ = {isa = PBXFileReference; lastKnownFileType = sourcecode.swift; path = BiomarkerDefinition.swift; sourceTree = "<group>"; };
		6ECA6D7172DB943CC6950F55 /* LLMIntegrationTest.swift */ = {isa = PBXFileReference; lastKnownFileType = sourcecode.swift; path = LLMIntegrationTest.swift; sourceTree = "<group>"; };
		6F84469D20EBBA0BD037FBCA /* WorkoutService.swift */ = {isa = PBXFileReference; lastKnownFileType = sourcecode.swift; path = WorkoutService.swift; sourceTree = "<group>"; };
		7392F1C1953721F1AD362662 /* LlamaCppBackend.swift */ = {isa = PBXFileReference; lastKnownFileType = sourcecode.swift; path = LlamaCppBackend.swift; sourceTree = "<group>"; };
		790C2D3452366D6B473DE2B1 /* Supplement.swift */ = {isa = PBXFileReference; lastKnownFileType = sourcecode.swift; path = Supplement.swift; sourceTree = "<group>"; };
		7F4C6870115BE53081FA0CDE /* AISetupView.swift */ = {isa = PBXFileReference; lastKnownFileType = sourcecode.swift; path = AISetupView.swift; sourceTree = "<group>"; };
		7F7F3BAFA978301368D148CF /* ServingInputView.swift */ = {isa = PBXFileReference; lastKnownFileType = sourcecode.swift; path = ServingInputView.swift; sourceTree = "<group>"; };
		82577AEF6B12486590A24B47 /* BiomarkerResult.swift */ = {isa = PBXFileReference; lastKnownFileType = sourcecode.swift; path = BiomarkerResult.swift; sourceTree = "<group>"; };
		88A19640FB19F5628DC8B824 /* Units.swift */ = {isa = PBXFileReference; lastKnownFileType = sourcecode.swift; path = Units.swift; sourceTree = "<group>"; };
		89FB0C77EA74796A1BF01D1F /* WeightGoal.swift */ = {isa = PBXFileReference; lastKnownFileType = sourcecode.swift; path = WeightGoal.swift; sourceTree = "<group>"; };
		8C1323C593FD4D57F250E362 /* AIActionExecutor.swift */ = {isa = PBXFileReference; lastKnownFileType = sourcecode.swift; path = AIActionExecutor.swift; sourceTree = "<group>"; };
		8E78D132A90B0FDC35353646 /* WeightLogListView.swift */ = {isa = PBXFileReference; lastKnownFileType = sourcecode.swift; path = WeightLogListView.swift; sourceTree = "<group>"; };
		8F4D8D947C82941F66C3E892 /* LabReportStorage.swift */ = {isa = PBXFileReference; lastKnownFileType = sourcecode.swift; path = LabReportStorage.swift; sourceTree = "<group>"; };
		9317E4AADEC72D6DC385E722 /* LabReportDetailView.swift */ = {isa = PBXFileReference; lastKnownFileType = sourcecode.swift; path = LabReportDetailView.swift; sourceTree = "<group>"; };
		9887274AA907DE6C5349B2D1 /* OpenFoodFactsService.swift */ = {isa = PBXFileReference; lastKnownFileType = sourcecode.swift; path = OpenFoodFactsService.swift; sourceTree = "<group>"; };
		99C89E28D8FBE125273FB677 /* Log.swift */ = {isa = PBXFileReference; lastKnownFileType = sourcecode.swift; path = Log.swift; sourceTree = "<group>"; };
		9B410A7B058246A1F98F46E9 /* DefaultFoods.swift */ = {isa = PBXFileReference; lastKnownFileType = sourcecode.swift; path = DefaultFoods.swift; sourceTree = "<group>"; };
		9F9F051926CE39DF3E0A47DA /* BodySpecPDFParser.swift */ = {isa = PBXFileReference; lastKnownFileType = sourcecode.swift; path = BodySpecPDFParser.swift; sourceTree = "<group>"; };
		9FA2C56E731BE5610FDC5B12 /* AIChatView.swift */ = {isa = PBXFileReference; lastKnownFileType = sourcecode.swift; path = AIChatView.swift; sourceTree = "<group>"; };
		9FDCCAED76696ACF2A89F445 /* Migrations.swift */ = {isa = PBXFileReference; lastKnownFileType = sourcecode.swift; path = Migrations.swift; sourceTree = "<group>"; };
		A039993077E4BE9F83149249 /* WeightInsightsView.swift */ = {isa = PBXFileReference; lastKnownFileType = sourcecode.swift; path = WeightInsightsView.swift; sourceTree = "<group>"; };
		A1AB1D48F6D71EC9854629ED /* DriftTests.swift */ = {isa = PBXFileReference; lastKnownFileType = sourcecode.swift; path = DriftTests.swift; sourceTree = "<group>"; };
		A5437789EE3514EE1191D392 /* LabReport.swift */ = {isa = PBXFileReference; lastKnownFileType = sourcecode.swift; path = LabReport.swift; sourceTree = "<group>"; };
		AB2998A31AEC29094C6F4062 /* WorkoutView.swift */ = {isa = PBXFileReference; lastKnownFileType = sourcecode.swift; path = WorkoutView.swift; sourceTree = "<group>"; };
		AB907D183F2E9999A4BC3915 /* AIContextBuilder.swift */ = {isa = PBXFileReference; lastKnownFileType = sourcecode.swift; path = AIContextBuilder.swift; sourceTree = "<group>"; };
		AE2809389EE890A3F01ED675 /* FoodLogViewModel.swift */ = {isa = PBXFileReference; lastKnownFileType = sourcecode.swift; path = FoodLogViewModel.swift; sourceTree = "<group>"; };
		AE42BE067CE617760E08B051 /* DEXARegion.swift */ = {isa = PBXFileReference; lastKnownFileType = sourcecode.swift; path = DEXARegion.swift; sourceTree = "<group>"; };
		AFCD031A1C605FBFFDF1B7D0 /* ServingUnit.swift */ = {isa = PBXFileReference; lastKnownFileType = sourcecode.swift; path = ServingUnit.swift; sourceTree = "<group>"; };
		B05CAB03715CB2E39F8E8262 /* AIDataCache.swift */ = {isa = PBXFileReference; lastKnownFileType = sourcecode.swift; path = AIDataCache.swift; sourceTree = "<group>"; };
		B0653C13FD227ACE4F774C46 /* ExerciseDatabase.swift */ = {isa = PBXFileReference; lastKnownFileType = sourcecode.swift; path = ExerciseDatabase.swift; sourceTree = "<group>"; };
		B0C555B3F9005A7C75FAAD51 /* DashboardViewModel.swift */ = {isa = PBXFileReference; lastKnownFileType = sourcecode.swift; path = DashboardViewModel.swift; sourceTree = "<group>"; };
		B0DAF3E5EFC6C85282C084A8 /* GlucoseTabView.swift */ = {isa = PBXFileReference; lastKnownFileType = sourcecode.swift; path = GlucoseTabView.swift; sourceTree = "<group>"; };
		B0EFA5472653570BDFE77155 /* AIChainOfThought.swift */ = {isa = PBXFileReference; lastKnownFileType = sourcecode.swift; path = AIChainOfThought.swift; sourceTree = "<group>"; };
		B3D6A44D7C25BC4956132FE8 /* FoodLoggingTests.swift */ = {isa = PBXFileReference; lastKnownFileType = sourcecode.swift; path = FoodLoggingTests.swift; sourceTree = "<group>"; };
		B58C97F6B46397BDA539E78C /* SupplementsTabView.swift */ = {isa = PBXFileReference; lastKnownFileType = sourcecode.swift; path = SupplementsTabView.swift; sourceTree = "<group>"; };
		B5ABF9F3D40318CC0238A796 /* LocalAIService.swift */ = {isa = PBXFileReference; lastKnownFileType = sourcecode.swift; path = LocalAIService.swift; sourceTree = "<group>"; };
		BADD153523D188C4ED89B55D /* AIEvalHarness.swift */ = {isa = PBXFileReference; lastKnownFileType = sourcecode.swift; path = AIEvalHarness.swift; sourceTree = "<group>"; };
		BC5309A92CB03534993AE5E9 /* TDEEEstimator.swift */ = {isa = PBXFileReference; lastKnownFileType = sourcecode.swift; path = TDEEEstimator.swift; sourceTree = "<group>"; };
		BE56F885D3FD4E44B8999557 /* Workout.swift */ = {isa = PBXFileReference; lastKnownFileType = sourcecode.swift; path = Workout.swift; sourceTree = "<group>"; };
		C10970FB3ED143760EC6C8C5 /* exercises.json */ = {isa = PBXFileReference; lastKnownFileType = text.json; path = exercises.json; sourceTree = "<group>"; };
		C182889F4730B18DE0244F02 /* MealLog.swift */ = {isa = PBXFileReference; lastKnownFileType = sourcecode.swift; path = MealLog.swift; sourceTree = "<group>"; };
		C2C63097444CD8E010008D65 /* FavoriteFood.swift */ = {isa = PBXFileReference; lastKnownFileType = sourcecode.swift; path = FavoriteFood.swift; sourceTree = "<group>"; };
		CB475E92982AD4F8897D5D8E /* RecoveryEstimator.swift */ = {isa = PBXFileReference; lastKnownFileType = sourcecode.swift; path = RecoveryEstimator.swift; sourceTree = "<group>"; };
		D0E8B598BCB7486A2C75848E /* WeightViewModel.swift */ = {isa = PBXFileReference; lastKnownFileType = sourcecode.swift; path = WeightViewModel.swift; sourceTree = "<group>"; };
		D5286E0309471AF898D70E3C /* BodyMapView.swift */ = {isa = PBXFileReference; lastKnownFileType = sourcecode.swift; path = BodyMapView.swift; sourceTree = "<group>"; };
		D6B64C16D8106D8EB594C117 /* AIActionParser.swift */ = {isa = PBXFileReference; lastKnownFileType = sourcecode.swift; path = AIActionParser.swift; sourceTree = "<group>"; };
		DC6712FB46945A6FE1AAB0E0 /* DriftApp.swift */ = {isa = PBXFileReference; lastKnownFileType = sourcecode.swift; path = DriftApp.swift; sourceTree = "<group>"; };
		DD2565511DFA43570D0CE9EA /* DashboardView.swift */ = {isa = PBXFileReference; lastKnownFileType = sourcecode.swift; path = DashboardView.swift; sourceTree = "<group>"; };
		DDFFBCB3D524DCFEA822DB53 /* Persistence.swift */ = {isa = PBXFileReference; lastKnownFileType = sourcecode.swift; path = Persistence.swift; sourceTree = "<group>"; };
		DF03B01EDE878137C97C5012 /* FoodEntry.swift */ = {isa = PBXFileReference; lastKnownFileType = sourcecode.swift; path = FoodEntry.swift; sourceTree = "<group>"; };
		DFF155F20FB2EF069D634C95 /* FloatingAIAssistant.swift */ = {isa = PBXFileReference; lastKnownFileType = sourcecode.swift; path = FloatingAIAssistant.swift; sourceTree = "<group>"; };
		E0EA24C208A1C32DB52709A4 /* SleepRecoveryView.swift */ = {isa = PBXFileReference; lastKnownFileType = sourcecode.swift; path = SleepRecoveryView.swift; sourceTree = "<group>"; };
		E1A5DA3E3543A99260250279 /* UIFlowTests.swift */ = {isa = PBXFileReference; lastKnownFileType = sourcecode.swift; path = UIFlowTests.swift; sourceTree = "<group>"; };
		E342C8090873CF9612C8A63E /* LabReportOCR.swift */ = {isa = PBXFileReference; lastKnownFileType = sourcecode.swift; path = LabReportOCR.swift; sourceTree = "<group>"; };
		E4BD88646DFE4A17724D4407 /* AddSupplementView.swift */ = {isa = PBXFileReference; lastKnownFileType = sourcecode.swift; path = AddSupplementView.swift; sourceTree = "<group>"; };
		E6B95CCD0C984C915051F482 /* sample_lingo_export.csv */ = {isa = PBXFileReference; path = sample_lingo_export.csv; sourceTree = "<group>"; };
		E96402659F73046846B409D5 /* WeightTabView.swift */ = {isa = PBXFileReference; lastKnownFileType = sourcecode.swift; path = WeightTabView.swift; sourceTree = "<group>"; };
		EE2D9672D96D6738FA36D4F2 /* AlgorithmSettingsView.swift */ = {isa = PBXFileReference; lastKnownFileType = sourcecode.swift; path = AlgorithmSettingsView.swift; sourceTree = "<group>"; };
		F237A2E1C7747DBE102B665C /* WeightEntry.swift */ = {isa = PBXFileReference; lastKnownFileType = sourcecode.swift; path = WeightEntry.swift; sourceTree = "<group>"; };
		F3E0BC3660040DBB4942437D /* SupplementLog.swift */ = {isa = PBXFileReference; lastKnownFileType = sourcecode.swift; path = SupplementLog.swift; sourceTree = "<group>"; };
		F4EFC6AC02BBE73CDE74B5E2 /* BarcodeCache.swift */ = {isa = PBXFileReference; lastKnownFileType = sourcecode.swift; path = BarcodeCache.swift; sourceTree = "<group>"; };
		F57B8BA8C0B119CF10614F14 /* HealthKitService.swift */ = {isa = PBXFileReference; lastKnownFileType = sourcecode.swift; path = HealthKitService.swift; sourceTree = "<group>"; };
		F78E3B6C1497F6A200DF8095 /* ContentView.swift */ = {isa = PBXFileReference; lastKnownFileType = sourcecode.swift; path = ContentView.swift; sourceTree = "<group>"; };
		F7D747073BCD9310AB76B496 /* LabReportUploadView.swift */ = {isa = PBXFileReference; lastKnownFileType = sourcecode.swift; path = LabReportUploadView.swift; sourceTree = "<group>"; };
		FD5DFCD5C5ED2C0D7E5CD8EF /* WeightTrendCalculator.swift */ = {isa = PBXFileReference; lastKnownFileType = sourcecode.swift; path = WeightTrendCalculator.swift; sourceTree = "<group>"; };
		FD7026C3D8745999EED9478E /* foods.json */ = {isa = PBXFileReference; lastKnownFileType = text.json; path = foods.json; sourceTree = "<group>"; };
		FF0DB0809C7110E3644208F2 /* Drift.entitlements */ = {isa = PBXFileReference; lastKnownFileType = text.plist.entitlements; path = Drift.entitlements; sourceTree = "<group>"; };
/* End PBXFileReference section */

/* Begin PBXFrameworksBuildPhase section */
		188A35C15589F9B39A3AD2F7 /* Frameworks */ = {
			isa = PBXFrameworksBuildPhase;
			buildActionMask = 2147483647;
			files = (
				EA461A149CE8C537C738BF00 /* GRDB in Frameworks */,
				5284981F1135EBAFC55F5BFE /* llama.xcframework in Frameworks */,
			);
			runOnlyForDeploymentPostprocessing = 0;
		};
/* End PBXFrameworksBuildPhase section */

/* Begin PBXGroup section */
		03744AEC99F92BFD0D34F049 /* Weight */ = {
			isa = PBXGroup;
			children = (
				1ABDC86BA4516AA3699FE080 /* WeightChartView.swift */,
				217B3F5DA6C6AA9BB267D9F3 /* WeightEntryView.swift */,
				A039993077E4BE9F83149249 /* WeightInsightsView.swift */,
				8E78D132A90B0FDC35353646 /* WeightLogListView.swift */,
				E96402659F73046846B409D5 /* WeightTabView.swift */,
			);
			path = Weight;
			sourceTree = "<group>";
		};
		03AFA9FB723F7EC015C3A4B2 /* Cycle */ = {
			isa = PBXGroup;
			children = (
				163C4017D9AEE2E0927DC907 /* CycleView.swift */,
			);
			path = Cycle;
			sourceTree = "<group>";
		};
		0722BA8BD8D3FCE6E6A0257D /* Supplements */ = {
			isa = PBXGroup;
			children = (
				E4BD88646DFE4A17724D4407 /* AddSupplementView.swift */,
				B58C97F6B46397BDA539E78C /* SupplementsTabView.swift */,
			);
			path = Supplements;
			sourceTree = "<group>";
		};
		0CF035F730E3D07AD50E71EE /* Biomarkers */ = {
			isa = PBXGroup;
			children = (
				155E590DFD0A95014B993B9D /* BiomarkerDetailView.swift */,
				664CF8C9378B65A23548F155 /* BiomarkersTabView.swift */,
				9317E4AADEC72D6DC385E722 /* LabReportDetailView.swift */,
				F7D747073BCD9310AB76B496 /* LabReportUploadView.swift */,
			);
			path = Biomarkers;
			sourceTree = "<group>";
		};
		0EA67573775347F2DA7F1A99 /* Products */ = {
			isa = PBXGroup;
			children = (
				552F5AE6789DA294DDB91E8B /* Drift.app */,
				668D8D5951EB119A1624DDB2 /* DriftTests.xctest */,
			);
			name = Products;
			sourceTree = "<group>";
		};
		1DCFB184D941DDFAE30E78F8 = {
			isa = PBXGroup;
			children = (
				DF13210FEF8ED80B93DD4A50 /* Drift */,
				230C4300561292D969C89B4E /* DriftTests */,
				D7CBC30631A98D4A41A6373C /* Frameworks */,
				0EA67573775347F2DA7F1A99 /* Products */,
			);
			sourceTree = "<group>";
		};
		1E13B73313706E9254470E88 /* Food */ = {
			isa = PBXGroup;
			children = (
				55F24D93872F919F1A8CB319 /* BarcodeScannerView.swift */,
				42A6CAF4720F61DC0C9BD2E7 /* FoodSearchView.swift */,
				5A981E37D718D28A6679F9C8 /* FoodTabView.swift */,
				20576FEB4A7F0371596D08E6 /* QuickAddView.swift */,
				7F7F3BAFA978301368D148CF /* ServingInputView.swift */,
			);
			path = Food;
			sourceTree = "<group>";
		};
		230C4300561292D969C89B4E /* DriftTests */ = {
			isa = PBXGroup;
			children = (
				BADD153523D188C4ED89B55D /* AIEvalHarness.swift */,
				19E7517E5B4779CBBE1C7284 /* AITests.swift */,
				6D6B07DD56345F8A5F5448BC /* CSVParserTests.swift */,
				6B6C02FCD909BDE67D229EC1 /* CycleCalculationTests.swift */,
				32AC5A6130E7655FFC74502F /* DatabaseEdgeCaseTests.swift */,
				A1AB1D48F6D71EC9854629ED /* DriftTests.swift */,
				47334FA11098E0172ED4A19A /* EdgeCaseTests.swift */,
				B3D6A44D7C25BC4956132FE8 /* FoodLoggingTests.swift */,
				5D1E187818C8B9D2196B4B9D /* LabReportOCRTests.swift */,
				6ECA6D7172DB943CC6950F55 /* LLMIntegrationTest.swift */,
				1575030FD9A7BEF5BC9E0612 /* NutritionOCRTests.swift */,
				647116F9E4F78CE702CB870C /* RobustnessTests.swift */,
				E1A5DA3E3543A99260250279 /* UIFlowTests.swift */,
				3F51E9EC49412B4F96068D35 /* WeightTrendCalculatorTests.swift */,
				46E22593ED4EAC860EFBF887 /* WorkoutPersistenceTests.swift */,
				1A884AC137C46CE932FEE1C9 /* WorkoutTests.swift */,
				A42C87894C6E122BBE55A961 /* Fixtures */,
			);
			path = DriftTests;
			sourceTree = "<group>";
		};
		2F1F69058370BC9D552D932D /* Database */ = {
			isa = PBXGroup;
			children = (
				2A19AD32FF007540A79C20BC /* AppDatabase.swift */,
				9FDCCAED76696ACF2A89F445 /* Migrations.swift */,
				DDFFBCB3D524DCFEA822DB53 /* Persistence.swift */,
			);
			path = Database;
			sourceTree = "<group>";
		};
		3A14444424F2FA5FA56661DB /* ViewModels */ = {
			isa = PBXGroup;
			children = (
				B0C555B3F9005A7C75FAAD51 /* DashboardViewModel.swift */,
				AE2809389EE890A3F01ED675 /* FoodLogViewModel.swift */,
				1D783FD1AF8952C1C8CECD29 /* SupplementViewModel.swift */,
				D0E8B598BCB7486A2C75848E /* WeightViewModel.swift */,
			);
			path = ViewModels;
			sourceTree = "<group>";
		};
		4A7204948841850DFF3D940D /* Views */ = {
			isa = PBXGroup;
			children = (
				8D9C2B3F7F76C8B5E0F18C57 /* AI */,
				0CF035F730E3D07AD50E71EE /* Biomarkers */,
				8935B2C63DFF003BB6300F49 /* BodyComposition */,
				03AFA9FB723F7EC015C3A4B2 /* Cycle */,
				79C427A9E8C6F8EEFCEEA012 /* Dashboard */,
				1E13B73313706E9254470E88 /* Food */,
				FA9DF84BE5D84C9597FCFFA3 /* Glucose */,
				EC70F8F8DC436EB14CAB3F97 /* Settings */,
				0722BA8BD8D3FCE6E6A0257D /* Supplements */,
				03744AEC99F92BFD0D34F049 /* Weight */,
				B6B13628C10FC8148ACA6AF2 /* Workout */,
			);
			path = Views;
			sourceTree = "<group>";
		};
		79C427A9E8C6F8EEFCEEA012 /* Dashboard */ = {
			isa = PBXGroup;
			children = (
				DD2565511DFA43570D0CE9EA /* DashboardView.swift */,
				E0EA24C208A1C32DB52709A4 /* SleepRecoveryView.swift */,
			);
			path = Dashboard;
			sourceTree = "<group>";
		};
		8935B2C63DFF003BB6300F49 /* BodyComposition */ = {
			isa = PBXGroup;
			children = (
				5893DE4C163CA3CF50E74C1A /* DEXAOverviewView.swift */,
			);
			path = BodyComposition;
			sourceTree = "<group>";
		};
		8D9C2B3F7F76C8B5E0F18C57 /* AI */ = {
			isa = PBXGroup;
			children = (
				9FA2C56E731BE5610FDC5B12 /* AIChatView.swift */,
				7F4C6870115BE53081FA0CDE /* AISetupView.swift */,
				DFF155F20FB2EF069D634C95 /* FloatingAIAssistant.swift */,
			);
			path = AI;
			sourceTree = "<group>";
		};
		A42C87894C6E122BBE55A961 /* Fixtures */ = {
			isa = PBXGroup;
			children = (
				E6B95CCD0C984C915051F482 /* sample_lingo_export.csv */,
			);
			path = Fixtures;
			sourceTree = "<group>";
		};
		B6B13628C10FC8148ACA6AF2 /* Workout */ = {
			isa = PBXGroup;
			children = (
				D5286E0309471AF898D70E3C /* BodyMapView.swift */,
				AB2998A31AEC29094C6F4062 /* WorkoutView.swift */,
			);
			path = Workout;
			sourceTree = "<group>";
		};
		D719A19F032AC96C3ADB1AD3 /* Resources */ = {
			isa = PBXGroup;
			children = (
				08E33CA6BE80D735A37ED745 /* Assets.xcassets */,
				059465804E239D09C0E9C1D4 /* biomarkers.json */,
				C10970FB3ED143760EC6C8C5 /* exercises.json */,
				FD7026C3D8745999EED9478E /* foods.json */,
			);
			path = Resources;
			sourceTree = "<group>";
		};
		D758CFE75CAB274413E181F9 /* Models */ = {
			isa = PBXGroup;
			children = (
				F4EFC6AC02BBE73CDE74B5E2 /* BarcodeCache.swift */,
				6E4A88611445C2672FD84570 /* BiomarkerDefinition.swift */,
				82577AEF6B12486590A24B47 /* BiomarkerResult.swift */,
				1053BB3F19E5D50A27C74DDE /* DailyNutrition.swift */,
				AE42BE067CE617760E08B051 /* DEXARegion.swift */,
				1E0A2B843D779BCA23400645 /* DEXAScan.swift */,
				C2C63097444CD8E010008D65 /* FavoriteFood.swift */,
				6A797FB70463B0909C9C34E3 /* Food.swift */,
				DF03B01EDE878137C97C5012 /* FoodEntry.swift */,
				491E711DE9CBB80FC1BF1AE9 /* GlucoseReading.swift */,
				A5437789EE3514EE1191D392 /* LabReport.swift */,
				C182889F4730B18DE0244F02 /* MealLog.swift */,
				AFCD031A1C605FBFFDF1B7D0 /* ServingUnit.swift */,
				790C2D3452366D6B473DE2B1 /* Supplement.swift */,
				F3E0BC3660040DBB4942437D /* SupplementLog.swift */,
				F237A2E1C7747DBE102B665C /* WeightEntry.swift */,
				89FB0C77EA74796A1BF01D1F /* WeightGoal.swift */,
				BE56F885D3FD4E44B8999557 /* Workout.swift */,
			);
			path = Models;
			sourceTree = "<group>";
		};
		D7CBC30631A98D4A41A6373C /* Frameworks */ = {
			isa = PBXGroup;
			children = (
				4101CD9171B652C6B8D1BB4E /* llama.xcframework */,
			);
			name = Frameworks;
			sourceTree = "<group>";
		};
		DF13210FEF8ED80B93DD4A50 /* Drift */ = {
			isa = PBXGroup;
			children = (
				F78E3B6C1497F6A200DF8095 /* ContentView.swift */,
				FF0DB0809C7110E3644208F2 /* Drift.entitlements */,
				DC6712FB46945A6FE1AAB0E0 /* DriftApp.swift */,
				0207D73F0C177B95B548B321 /* Info.plist */,
				2F1F69058370BC9D552D932D /* Database */,
				D758CFE75CAB274413E181F9 /* Models */,
				D719A19F032AC96C3ADB1AD3 /* Resources */,
				E9AB1B657564FD836D16BAB5 /* Services */,
				F9B297018B5B54AC793D14FB /* Utilities */,
				3A14444424F2FA5FA56661DB /* ViewModels */,
				4A7204948841850DFF3D940D /* Views */,
			);
			path = Drift;
			sourceTree = "<group>";
		};
		E9AB1B657564FD836D16BAB5 /* Services */ = {
			isa = PBXGroup;
			children = (
				8C1323C593FD4D57F250E362 /* AIActionExecutor.swift */,
				D6B64C16D8106D8EB594C117 /* AIActionParser.swift */,
				64BFDDB952907C50869B4078 /* AIBackend.swift */,
				B0EFA5472653570BDFE77155 /* AIChainOfThought.swift */,
				AB907D183F2E9999A4BC3915 /* AIContextBuilder.swift */,
				B05CAB03715CB2E39F8E8262 /* AIDataCache.swift */,
				377CCA5F9E895164E95EC65E /* AIModelManager.swift */,
				659C59EE72A777C6DEA046D9 /* AIResponseCleaner.swift */,
				237FC00B086CC3785B482588 /* AIRuleEngine.swift */,
				42CC554F9454FF0FC8A31F56 /* BiomarkerKnowledgeBase.swift */,
				9F9F051926CE39DF3E0A47DA /* BodySpecPDFParser.swift */,
				16A8D46F9E08C1960010A695 /* CGMImportService.swift */,
				37D1FB1A43791483D88EC4BC /* CycleCalculations.swift */,
				9B410A7B058246A1F98F46E9 /* DefaultFoods.swift */,
				5D4BF27A41CD9659EFF50036 /* DefaultTemplates.swift */,
				B0653C13FD227ACE4F774C46 /* ExerciseDatabase.swift */,
				F57B8BA8C0B119CF10614F14 /* HealthKitService.swift */,
				E342C8090873CF9612C8A63E /* LabReportOCR.swift */,
				8F4D8D947C82941F66C3E892 /* LabReportStorage.swift */,
				7392F1C1953721F1AD362662 /* LlamaCppBackend.swift */,
				B5ABF9F3D40318CC0238A796 /* LocalAIService.swift */,
				418816F51F38F19F65BC3D77 /* NutritionLabelOCR.swift */,
				9887274AA907DE6C5349B2D1 /* OpenFoodFactsService.swift */,
				CB475E92982AD4F8897D5D8E /* RecoveryEstimator.swift */,
				BC5309A92CB03534993AE5E9 /* TDEEEstimator.swift */,
				FD5DFCD5C5ED2C0D7E5CD8EF /* WeightTrendCalculator.swift */,
				6F84469D20EBBA0BD037FBCA /* WorkoutService.swift */,
			);
			path = Services;
			sourceTree = "<group>";
		};
		EC70F8F8DC436EB14CAB3F97 /* Settings */ = {
			isa = PBXGroup;
			children = (
				EE2D9672D96D6738FA36D4F2 /* AlgorithmSettingsView.swift */,
				3258B6E91169170587AAB02B /* GoalView.swift */,
				5F6D2AA89F46A33EAE39DEAC /* MoreTabView.swift */,
			);
			path = Settings;
			sourceTree = "<group>";
		};
		F9B297018B5B54AC793D14FB /* Utilities */ = {
			isa = PBXGroup;
			children = (
				0D45209A3DCC7F6659E6E367 /* CSVParser.swift */,
				35CA37F54FABF8B93BB278BB /* DateFormatters.swift */,
				99C89E28D8FBE125273FB677 /* Log.swift */,
				24385DF0FF7F89584AE40020 /* Theme.swift */,
				88A19640FB19F5628DC8B824 /* Units.swift */,
			);
			path = Utilities;
			sourceTree = "<group>";
		};
		FA9DF84BE5D84C9597FCFFA3 /* Glucose */ = {
			isa = PBXGroup;
			children = (
				B0DAF3E5EFC6C85282C084A8 /* GlucoseTabView.swift */,
			);
			path = Glucose;
			sourceTree = "<group>";
		};
/* End PBXGroup section */

/* Begin PBXNativeTarget section */
		50A0CCC2E8C96C468D93CEF8 /* DriftTests */ = {
			isa = PBXNativeTarget;
			buildConfigurationList = 879E54EDE3CD8FA31DF9345C /* Build configuration list for PBXNativeTarget "DriftTests" */;
			buildPhases = (
				87691D3C6A78A69CA49E70CB /* Sources */,
				A7B9D64A23B371278E2EFB8C /* Resources */,
			);
			buildRules = (
			);
			dependencies = (
				A2F4FA2AB0193C1E986DD906 /* PBXTargetDependency */,
			);
			name = DriftTests;
			packageProductDependencies = (
			);
			productName = DriftTests;
			productReference = 668D8D5951EB119A1624DDB2 /* DriftTests.xctest */;
			productType = "com.apple.product-type.bundle.unit-test";
		};
		CAEDCE34417A91D973F68377 /* Drift */ = {
			isa = PBXNativeTarget;
			buildConfigurationList = F406649AF13D92F90944A7F1 /* Build configuration list for PBXNativeTarget "Drift" */;
			buildPhases = (
				271ED68B29D0DA60F5E3CB98 /* Sources */,
				F72ECFB3C1B5BC2EFDA4A82C /* Resources */,
				188A35C15589F9B39A3AD2F7 /* Frameworks */,
				6D0E33BD7AB89B601B6F2462 /* Embed Frameworks */,
			);
			buildRules = (
			);
			dependencies = (
			);
			name = Drift;
			packageProductDependencies = (
				8D44ABA58001AC21A70DEA3A /* GRDB */,
			);
			productName = Drift;
			productReference = 552F5AE6789DA294DDB91E8B /* Drift.app */;
			productType = "com.apple.product-type.application";
		};
/* End PBXNativeTarget section */

/* Begin PBXProject section */
		C57AFFDCB18AE227A2FF2ECA /* Project object */ = {
			isa = PBXProject;
			attributes = {
				BuildIndependentTargetsInParallel = YES;
				LastUpgradeCheck = 1600;
				TargetAttributes = {
					CAEDCE34417A91D973F68377 = {
						DevelopmentTeam = ZJ5H5XH82A;
					};
				};
			};
			buildConfigurationList = 68F4AD629CB425B82407650A /* Build configuration list for PBXProject "Drift" */;
			developmentRegion = en;
			hasScannedForEncodings = 0;
			knownRegions = (
				Base,
				en,
			);
			mainGroup = 1DCFB184D941DDFAE30E78F8;
			minimizedProjectReferenceProxies = 1;
			packageReferences = (
				A0800830A85682E9EA5E8575 /* XCRemoteSwiftPackageReference "GRDB.swift" */,
			);
			preferredProjectObjectVersion = 77;
			productRefGroup = 0EA67573775347F2DA7F1A99 /* Products */;
			projectDirPath = "";
			projectRoot = "";
			targets = (
				CAEDCE34417A91D973F68377 /* Drift */,
				50A0CCC2E8C96C468D93CEF8 /* DriftTests */,
			);
		};
/* End PBXProject section */

/* Begin PBXResourcesBuildPhase section */
		A7B9D64A23B371278E2EFB8C /* Resources */ = {
			isa = PBXResourcesBuildPhase;
			buildActionMask = 2147483647;
			files = (
				8CB8BF68CE3F11B2CFBDDB16 /* sample_lingo_export.csv in Resources */,
			);
			runOnlyForDeploymentPostprocessing = 0;
		};
		F72ECFB3C1B5BC2EFDA4A82C /* Resources */ = {
			isa = PBXResourcesBuildPhase;
			buildActionMask = 2147483647;
			files = (
				AA43792497E2FC36FF55F58C /* Assets.xcassets in Resources */,
				2789843CBA7CA913FA86CCEB /* biomarkers.json in Resources */,
				9BDC062DA33278D9CE34EFC3 /* exercises.json in Resources */,
				B3B780A670DA8D354A057699 /* foods.json in Resources */,
			);
			runOnlyForDeploymentPostprocessing = 0;
		};
/* End PBXResourcesBuildPhase section */

/* Begin PBXSourcesBuildPhase section */
		271ED68B29D0DA60F5E3CB98 /* Sources */ = {
			isa = PBXSourcesBuildPhase;
			buildActionMask = 2147483647;
			files = (
				6A5E607A5053083EB25372F7 /* AIActionExecutor.swift in Sources */,
				86899F322EA3AB5164995C09 /* AIActionParser.swift in Sources */,
				98FBDD66D792C10086005407 /* AIBackend.swift in Sources */,
				EBB7CC6399A751DB3037402E /* AIChainOfThought.swift in Sources */,
				E16388BC43C225F2C6B7368A /* AIChatView.swift in Sources */,
				12D17153112FD530712D6FC6 /* AIContextBuilder.swift in Sources */,
				E005CF28B290C9D3A57C6264 /* AIDataCache.swift in Sources */,
				C2CAF32E19EB6A66F3C6554E /* AIModelManager.swift in Sources */,
				B790734E4AA15AD5735C9024 /* AIResponseCleaner.swift in Sources */,
				BE6B98B254C7B200F8428F01 /* AIRuleEngine.swift in Sources */,
				3375CEC1D52AFAE8D81F4012 /* AISetupView.swift in Sources */,
				8D8FB3814300848676740EC6 /* AddSupplementView.swift in Sources */,
				421D57520E9C09C88A6A0B6B /* AlgorithmSettingsView.swift in Sources */,
				EB2A292ED2019794749E4839 /* AppDatabase.swift in Sources */,
				6B0CE72048898157F8BA881F /* BarcodeCache.swift in Sources */,
				43FCEE74704AB4A0A900510A /* BarcodeScannerView.swift in Sources */,
				4AEC72C5305BE9A0C9555627 /* BiomarkerDefinition.swift in Sources */,
				1E41F060499A92A9EFB59BE1 /* BiomarkerDetailView.swift in Sources */,
				1E0CA8E39AF5CE13AC703456 /* BiomarkerKnowledgeBase.swift in Sources */,
				3BCC2E9C4749994B3147347C /* BiomarkerResult.swift in Sources */,
				DD0B299251C0A89AE490CC73 /* BiomarkersTabView.swift in Sources */,
				685C24962B2912E5B124EB60 /* BodyMapView.swift in Sources */,
				BFA019F024F4E73B203B8975 /* BodySpecPDFParser.swift in Sources */,
				33EC5B66DF492493925C24CA /* CGMImportService.swift in Sources */,
				B8666DFAC44BA801AF626FE7 /* CSVParser.swift in Sources */,
				9ACECC13D2365A3DF7F2C28C /* ContentView.swift in Sources */,
				5A5C3B121A517C9F07A31C5A /* CycleCalculations.swift in Sources */,
				D8DCF736FEE3123E530756CA /* CycleView.swift in Sources */,
				8224D8220B6D9328EDDDB648 /* DEXAOverviewView.swift in Sources */,
				4C8D307CC64DADDCE400F45B /* DEXARegion.swift in Sources */,
				3BBB59B401ACCCDB35D323F3 /* DEXAScan.swift in Sources */,
				37AE19FE7D95B7FA8B8477DE /* DailyNutrition.swift in Sources */,
				FE2EC2B62CB693DA85CD1544 /* DashboardView.swift in Sources */,
				2CCF5E1D415E462AE9997DD4 /* DashboardViewModel.swift in Sources */,
				DAD2FB33C19A3574C2643082 /* DateFormatters.swift in Sources */,
				510B0EC55CDC176805887710 /* DefaultFoods.swift in Sources */,
				307CDADBBCCE0A3FD121817C /* DefaultTemplates.swift in Sources */,
				4C31E5F32057829ABAA0840A /* DriftApp.swift in Sources */,
				29FCA567A01752328CAEFFED /* ExerciseDatabase.swift in Sources */,
				87B4A86A2CDE6196B42015A4 /* FavoriteFood.swift in Sources */,
				1BF24E5EFE0ECE537D36EA2E /* FloatingAIAssistant.swift in Sources */,
				DB3B28E9FBF4531A10E67AA9 /* Food.swift in Sources */,
				E083B1E037CD15A623ABFF2D /* FoodEntry.swift in Sources */,
				A2ACB0BE8811077162EBE463 /* FoodLogViewModel.swift in Sources */,
				D681045AF7657C38E75D4D86 /* FoodSearchView.swift in Sources */,
				70F621B0C5089E738C2DEA5E /* FoodTabView.swift in Sources */,
				3EF98591577370706EFB2940 /* GlucoseReading.swift in Sources */,
				24D454E75E424F7ACA736A91 /* GlucoseTabView.swift in Sources */,
				C78684F2133F07AAAC383EDB /* GoalView.swift in Sources */,
				DFCF8C1D8A9F7A20072F37C0 /* HealthKitService.swift in Sources */,
				8B4A3B20843E58F584398C79 /* LabReport.swift in Sources */,
				EDBADA2C372F712D791B9CB3 /* LabReportDetailView.swift in Sources */,
				E0F86EB4273E7AC079F525CE /* LabReportOCR.swift in Sources */,
				A8ACF4689ACE5AE7AB3FE4DE /* LabReportStorage.swift in Sources */,
				CF5BB4A5266F949DA9DEE006 /* LabReportUploadView.swift in Sources */,
				F9B44B0CA0EB70D90AFF6AA0 /* LlamaCppBackend.swift in Sources */,
				FB1D2AF65F10F935076969F6 /* LocalAIService.swift in Sources */,
				C4412538AE3E1E269685CB2A /* Log.swift in Sources */,
				EE7CBD2147B65BED5FC0047C /* MealLog.swift in Sources */,
				D7C81264B1FEDD6E3701FD13 /* Migrations.swift in Sources */,
				30F7D3160F146CA92713AD13 /* MoreTabView.swift in Sources */,
				B2654B50471C75496A1AA0D7 /* NutritionLabelOCR.swift in Sources */,
				900DFB12EECDD2D618FEC253 /* OpenFoodFactsService.swift in Sources */,
				27536FF4DD83AB95ADECF5AB /* Persistence.swift in Sources */,
				3A45CB30EFB91DF5C4E468AD /* QuickAddView.swift in Sources */,
				40D9D335AB3F15A1CCB643E9 /* RecoveryEstimator.swift in Sources */,
				D1F92D043D241D539585C068 /* ServingInputView.swift in Sources */,
				BEAFE882B09BA211628205D9 /* ServingUnit.swift in Sources */,
				1706838F0C81E8CA30C39676 /* SleepRecoveryView.swift in Sources */,
				49D0426489D97845E43EA8B9 /* Supplement.swift in Sources */,
				BA4A49D33CF87342C8F00DCD /* SupplementLog.swift in Sources */,
				24CF74D9CA0E8A4555F1EC68 /* SupplementViewModel.swift in Sources */,
				2159F8ABA37706FCF57C3A63 /* SupplementsTabView.swift in Sources */,
				F1E4DA4DB8A18FEE2C6A4413 /* TDEEEstimator.swift in Sources */,
				5F4476C2F1B7DC3E662A1DBC /* Theme.swift in Sources */,
				9CBCD31AD1998B4E5237C1A6 /* Units.swift in Sources */,
				DFFA7CC42D60E67CB40222E8 /* WeightChartView.swift in Sources */,
				7BDC02B8C99F8B719546A8A1 /* WeightEntry.swift in Sources */,
				E10A3A33C9E718C1D077AC02 /* WeightEntryView.swift in Sources */,
				B26EFEA29CD8570813193C98 /* WeightGoal.swift in Sources */,
				1E11E5682458FC83023281D7 /* WeightInsightsView.swift in Sources */,
				12608375BDCD57D211C64849 /* WeightLogListView.swift in Sources */,
				0884D534B3ADDE47643801F8 /* WeightTabView.swift in Sources */,
				ADFD099AC0AEB4154AF6063B /* WeightTrendCalculator.swift in Sources */,
				6A4AC25199199579681FCAD4 /* WeightViewModel.swift in Sources */,
				EA08170013B8F2A7481FF81F /* Workout.swift in Sources */,
				448C2B35142FF9B3A878D8E0 /* WorkoutService.swift in Sources */,
				86211210D2E5528F57C90AEF /* WorkoutView.swift in Sources */,
			);
			runOnlyForDeploymentPostprocessing = 0;
		};
		87691D3C6A78A69CA49E70CB /* Sources */ = {
			isa = PBXSourcesBuildPhase;
			buildActionMask = 2147483647;
			files = (
				940612EB003CCC2F1FF36DD1 /* AIEvalHarness.swift in Sources */,
				2DDEA9907FA6338488A8E1CD /* AITests.swift in Sources */,
				8A8CF11C6A7AF26DCABECF6A /* CSVParserTests.swift in Sources */,
				11AFD9A7915929FB480CFE99 /* CycleCalculationTests.swift in Sources */,
				4B409391B107757F169355AE /* DatabaseEdgeCaseTests.swift in Sources */,
				310C2BA2AF1BB8CC25FCC976 /* DriftTests.swift in Sources */,
				F29E79872466C7556AC9D549 /* EdgeCaseTests.swift in Sources */,
				5D88D4133DC583D407E81955 /* FoodLoggingTests.swift in Sources */,
				2A30C354DF8C230F664C7811 /* LLMIntegrationTest.swift in Sources */,
				92F6CD33F11BF82738AAF81C /* LabReportOCRTests.swift in Sources */,
				FC725819F735636B40300619 /* NutritionOCRTests.swift in Sources */,
				C6533AEBED5F6D1F5387F98A /* RobustnessTests.swift in Sources */,
				98FF97CFE71A6BBCFF976259 /* UIFlowTests.swift in Sources */,
				DF025680665178535364944C /* WeightTrendCalculatorTests.swift in Sources */,
				2789D96230755D58B91B3175 /* WorkoutPersistenceTests.swift in Sources */,
				92B596C732C7784167EC8CDE /* WorkoutTests.swift in Sources */,
			);
			runOnlyForDeploymentPostprocessing = 0;
		};
/* End PBXSourcesBuildPhase section */

/* Begin PBXTargetDependency section */
		A2F4FA2AB0193C1E986DD906 /* PBXTargetDependency */ = {
			isa = PBXTargetDependency;
			target = CAEDCE34417A91D973F68377 /* Drift */;
			targetProxy = 315C2652D757491C8E1F51A7 /* PBXContainerItemProxy */;
		};
/* End PBXTargetDependency section */

/* Begin XCBuildConfiguration section */
		1BA2EF094074FE68869BD7E3 /* Debug */ = {
			isa = XCBuildConfiguration;
			buildSettings = {
				BUNDLE_LOADER = "$(TEST_HOST)";
				GENERATE_INFOPLIST_FILE = YES;
				LD_RUNPATH_SEARCH_PATHS = (
					"$(inherited)",
					"@executable_path/Frameworks",
					"@loader_path/Frameworks",
				);
				PRODUCT_BUNDLE_IDENTIFIER = com.drift.DriftTests;
				SDKROOT = iphoneos;
				SWIFT_VERSION = 6.0;
				TARGETED_DEVICE_FAMILY = "1,2";
				TEST_HOST = "$(BUILT_PRODUCTS_DIR)/Drift.app/Drift";
			};
			name = Debug;
		};
		1C9B0CB149C7B02DC969D4FD /* Release */ = {
			isa = XCBuildConfiguration;
			buildSettings = {
				ALWAYS_SEARCH_USER_PATHS = NO;
				CLANG_ANALYZER_NONNULL = YES;
				CLANG_ANALYZER_NUMBER_OBJECT_CONVERSION = YES_AGGRESSIVE;
				CLANG_CXX_LANGUAGE_STANDARD = "gnu++14";
				CLANG_CXX_LIBRARY = "libc++";
				CLANG_ENABLE_MODULES = YES;
				CLANG_ENABLE_OBJC_ARC = YES;
				CLANG_ENABLE_OBJC_WEAK = YES;
				CLANG_WARN_BLOCK_CAPTURE_AUTORELEASING = YES;
				CLANG_WARN_BOOL_CONVERSION = YES;
				CLANG_WARN_COMMA = YES;
				CLANG_WARN_CONSTANT_CONVERSION = YES;
				CLANG_WARN_DEPRECATED_OBJC_IMPLEMENTATIONS = YES;
				CLANG_WARN_DIRECT_OBJC_ISA_USAGE = YES_ERROR;
				CLANG_WARN_DOCUMENTATION_COMMENTS = YES;
				CLANG_WARN_EMPTY_BODY = YES;
				CLANG_WARN_ENUM_CONVERSION = YES;
				CLANG_WARN_INFINITE_RECURSION = YES;
				CLANG_WARN_INT_CONVERSION = YES;
				CLANG_WARN_NON_LITERAL_NULL_CONVERSION = YES;
				CLANG_WARN_OBJC_IMPLICIT_RETAIN_SELF = YES;
				CLANG_WARN_OBJC_LITERAL_CONVERSION = YES;
				CLANG_WARN_OBJC_ROOT_CLASS = YES_ERROR;
				CLANG_WARN_QUOTED_INCLUDE_IN_FRAMEWORK_HEADER = YES;
				CLANG_WARN_RANGE_LOOP_ANALYSIS = YES;
				CLANG_WARN_STRICT_PROTOTYPES = YES;
				CLANG_WARN_SUSPICIOUS_MOVE = YES;
				CLANG_WARN_UNGUARDED_AVAILABILITY = YES_AGGRESSIVE;
				CLANG_WARN_UNREACHABLE_CODE = YES;
				CLANG_WARN__DUPLICATE_METHOD_MATCH = YES;
				COPY_PHASE_STRIP = NO;
				DEBUG_INFORMATION_FORMAT = "dwarf-with-dsym";
				ENABLE_NS_ASSERTIONS = NO;
				ENABLE_STRICT_OBJC_MSGSEND = YES;
				GCC_C_LANGUAGE_STANDARD = gnu11;
				GCC_NO_COMMON_BLOCKS = YES;
				GCC_WARN_64_TO_32_BIT_CONVERSION = YES;
				GCC_WARN_ABOUT_RETURN_TYPE = YES_ERROR;
				GCC_WARN_UNDECLARED_SELECTOR = YES;
				GCC_WARN_UNINITIALIZED_AUTOS = YES_AGGRESSIVE;
				GCC_WARN_UNUSED_FUNCTION = YES;
				GCC_WARN_UNUSED_VARIABLE = YES;
				IPHONEOS_DEPLOYMENT_TARGET = 17.0;
				MTL_ENABLE_DEBUG_INFO = NO;
				MTL_FAST_MATH = YES;
				PRODUCT_NAME = "$(TARGET_NAME)";
				SDKROOT = iphoneos;
				SWIFT_COMPILATION_MODE = wholemodule;
				SWIFT_OPTIMIZATION_LEVEL = "-O";
				SWIFT_VERSION = 5.0;
			};
			name = Release;
		};
		593F12B4C11F2DF5725E88BE /* Release */ = {
			isa = XCBuildConfiguration;
			buildSettings = {
				BUNDLE_LOADER = "$(TEST_HOST)";
				GENERATE_INFOPLIST_FILE = YES;
				LD_RUNPATH_SEARCH_PATHS = (
					"$(inherited)",
					"@executable_path/Frameworks",
					"@loader_path/Frameworks",
				);
				PRODUCT_BUNDLE_IDENTIFIER = com.drift.DriftTests;
				SDKROOT = iphoneos;
				SWIFT_VERSION = 6.0;
				TARGETED_DEVICE_FAMILY = "1,2";
				TEST_HOST = "$(BUILT_PRODUCTS_DIR)/Drift.app/Drift";
			};
			name = Release;
		};
		7C190047C04497DC44F492BC /* Release */ = {
			isa = XCBuildConfiguration;
			buildSettings = {
				ASSETCATALOG_COMPILER_APPICON_NAME = AppIcon;
				CODE_SIGN_ENTITLEMENTS = Drift/Drift.entitlements;
				CODE_SIGN_IDENTITY = "iPhone Developer";
				CURRENT_PROJECT_VERSION = 81;
				DEVELOPMENT_TEAM = ZJ5H5XH82A;
				FRAMEWORK_SEARCH_PATHS = (
					"$(inherited)",
					"\"Frameworks\"",
				);
				GENERATE_INFOPLIST_FILE = YES;
				INFOPLIST_FILE = Drift/Info.plist;
				INFOPLIST_KEY_CFBundleDisplayName = Drift;
				LD_RUNPATH_SEARCH_PATHS = (
					"$(inherited)",
					"@executable_path/Frameworks",
				);
				MARKETING_VERSION = 0.1.0;
				PRODUCT_BUNDLE_IDENTIFIER = com.drift.health;
				SDKROOT = iphoneos;
				SWIFT_VERSION = 6.0;
				TARGETED_DEVICE_FAMILY = "1,2";
			};
			name = Release;
		};
		D2C48B12CC940FCA05A8E07F /* Debug */ = {
			isa = XCBuildConfiguration;
			buildSettings = {
				ALWAYS_SEARCH_USER_PATHS = NO;
				CLANG_ANALYZER_NONNULL = YES;
				CLANG_ANALYZER_NUMBER_OBJECT_CONVERSION = YES_AGGRESSIVE;
				CLANG_CXX_LANGUAGE_STANDARD = "gnu++14";
				CLANG_CXX_LIBRARY = "libc++";
				CLANG_ENABLE_MODULES = YES;
				CLANG_ENABLE_OBJC_ARC = YES;
				CLANG_ENABLE_OBJC_WEAK = YES;
				CLANG_WARN_BLOCK_CAPTURE_AUTORELEASING = YES;
				CLANG_WARN_BOOL_CONVERSION = YES;
				CLANG_WARN_COMMA = YES;
				CLANG_WARN_CONSTANT_CONVERSION = YES;
				CLANG_WARN_DEPRECATED_OBJC_IMPLEMENTATIONS = YES;
				CLANG_WARN_DIRECT_OBJC_ISA_USAGE = YES_ERROR;
				CLANG_WARN_DOCUMENTATION_COMMENTS = YES;
				CLANG_WARN_EMPTY_BODY = YES;
				CLANG_WARN_ENUM_CONVERSION = YES;
				CLANG_WARN_INFINITE_RECURSION = YES;
				CLANG_WARN_INT_CONVERSION = YES;
				CLANG_WARN_NON_LITERAL_NULL_CONVERSION = YES;
				CLANG_WARN_OBJC_IMPLICIT_RETAIN_SELF = YES;
				CLANG_WARN_OBJC_LITERAL_CONVERSION = YES;
				CLANG_WARN_OBJC_ROOT_CLASS = YES_ERROR;
				CLANG_WARN_QUOTED_INCLUDE_IN_FRAMEWORK_HEADER = YES;
				CLANG_WARN_RANGE_LOOP_ANALYSIS = YES;
				CLANG_WARN_STRICT_PROTOTYPES = YES;
				CLANG_WARN_SUSPICIOUS_MOVE = YES;
				CLANG_WARN_UNGUARDED_AVAILABILITY = YES_AGGRESSIVE;
				CLANG_WARN_UNREACHABLE_CODE = YES;
				CLANG_WARN__DUPLICATE_METHOD_MATCH = YES;
				COPY_PHASE_STRIP = NO;
				DEBUG_INFORMATION_FORMAT = dwarf;
				ENABLE_STRICT_OBJC_MSGSEND = YES;
				ENABLE_TESTABILITY = YES;
				GCC_C_LANGUAGE_STANDARD = gnu11;
				GCC_DYNAMIC_NO_PIC = NO;
				GCC_NO_COMMON_BLOCKS = YES;
				GCC_OPTIMIZATION_LEVEL = 0;
				GCC_PREPROCESSOR_DEFINITIONS = (
					"$(inherited)",
					"DEBUG=1",
				);
				GCC_WARN_64_TO_32_BIT_CONVERSION = YES;
				GCC_WARN_ABOUT_RETURN_TYPE = YES_ERROR;
				GCC_WARN_UNDECLARED_SELECTOR = YES;
				GCC_WARN_UNINITIALIZED_AUTOS = YES_AGGRESSIVE;
				GCC_WARN_UNUSED_FUNCTION = YES;
				GCC_WARN_UNUSED_VARIABLE = YES;
				IPHONEOS_DEPLOYMENT_TARGET = 17.0;
				MTL_ENABLE_DEBUG_INFO = INCLUDE_SOURCE;
				MTL_FAST_MATH = YES;
				ONLY_ACTIVE_ARCH = YES;
				PRODUCT_NAME = "$(TARGET_NAME)";
				SDKROOT = iphoneos;
				SWIFT_ACTIVE_COMPILATION_CONDITIONS = DEBUG;
				SWIFT_OPTIMIZATION_LEVEL = "-Onone";
				SWIFT_VERSION = 5.0;
			};
			name = Debug;
		};
		D912882FFA52AB5EEF2B7B2D /* Debug */ = {
			isa = XCBuildConfiguration;
			buildSettings = {
				ASSETCATALOG_COMPILER_APPICON_NAME = AppIcon;
				CODE_SIGN_ENTITLEMENTS = Drift/Drift.entitlements;
				CODE_SIGN_IDENTITY = "iPhone Developer";
				CURRENT_PROJECT_VERSION = 81;
				DEVELOPMENT_TEAM = ZJ5H5XH82A;
				FRAMEWORK_SEARCH_PATHS = (
					"$(inherited)",
					"\"Frameworks\"",
				);
				GENERATE_INFOPLIST_FILE = YES;
				INFOPLIST_FILE = Drift/Info.plist;
				INFOPLIST_KEY_CFBundleDisplayName = Drift;
				LD_RUNPATH_SEARCH_PATHS = (
					"$(inherited)",
					"@executable_path/Frameworks",
				);
				MARKETING_VERSION = 0.1.0;
				PRODUCT_BUNDLE_IDENTIFIER = com.drift.health;
				SDKROOT = iphoneos;
				SWIFT_VERSION = 6.0;
				TARGETED_DEVICE_FAMILY = "1,2";
			};
			name = Debug;
		};
/* End XCBuildConfiguration section */

/* Begin XCConfigurationList section */
		68F4AD629CB425B82407650A /* Build configuration list for PBXProject "Drift" */ = {
			isa = XCConfigurationList;
			buildConfigurations = (
				D2C48B12CC940FCA05A8E07F /* Debug */,
				1C9B0CB149C7B02DC969D4FD /* Release */,
			);
			defaultConfigurationIsVisible = 0;
			defaultConfigurationName = Debug;
		};
		879E54EDE3CD8FA31DF9345C /* Build configuration list for PBXNativeTarget "DriftTests" */ = {
			isa = XCConfigurationList;
			buildConfigurations = (
				1BA2EF094074FE68869BD7E3 /* Debug */,
				593F12B4C11F2DF5725E88BE /* Release */,
			);
			defaultConfigurationIsVisible = 0;
			defaultConfigurationName = Debug;
		};
		F406649AF13D92F90944A7F1 /* Build configuration list for PBXNativeTarget "Drift" */ = {
			isa = XCConfigurationList;
			buildConfigurations = (
				D912882FFA52AB5EEF2B7B2D /* Debug */,
				7C190047C04497DC44F492BC /* Release */,
			);
			defaultConfigurationIsVisible = 0;
			defaultConfigurationName = Debug;
		};
/* End XCConfigurationList section */

/* Begin XCRemoteSwiftPackageReference section */
		A0800830A85682E9EA5E8575 /* XCRemoteSwiftPackageReference "GRDB.swift" */ = {
			isa = XCRemoteSwiftPackageReference;
			repositoryURL = "https://github.com/groue/GRDB.swift.git";
			requirement = {
				kind = upToNextMajorVersion;
				minimumVersion = 7.0.0;
			};
		};
/* End XCRemoteSwiftPackageReference section */

/* Begin XCSwiftPackageProductDependency section */
		8D44ABA58001AC21A70DEA3A /* GRDB */ = {
			isa = XCSwiftPackageProductDependency;
			package = A0800830A85682E9EA5E8575 /* XCRemoteSwiftPackageReference "GRDB.swift" */;
			productName = GRDB;
		};
/* End XCSwiftPackageProductDependency section */
	};
	rootObject = C57AFFDCB18AE227A2FF2ECA /* Project object */;
}
